
Microsoft Visual Studio Solution File, Format Version 12.00
# Visual Studio 2013
VisualStudioVersion = 12.0.31101.0
MinimumVisualStudioVersion = 10.0.40219.1
Project("{FAE04EC0-301F-11D3-BF4B-00C04F79EFBC}") = "XamarinSocialApp", "XamarinSocialApp\XamarinSocialApp\XamarinSocialApp.csproj", "{937C9FC3-E3E1-4452-9229-96DDC6E413C4}"
EndProject
Project("{FAE04EC0-301F-11D3-BF4B-00C04F79EFBC}") = "XamarinSocialApp.iOS", "XamarinSocialApp\XamarinSocialApp.iOS\XamarinSocialApp.iOS.csproj", "{BE868374-CBFA-41DB-B6A3-E44AE8F17377}"
EndProject
Project("{FAE04EC0-301F-11D3-BF4B-00C04F79EFBC}") = "XamarinSocialApp.Droid", "XamarinSocialApp\XamarinSocialApp.Droid\XamarinSocialApp.Droid.csproj", "{A29AFF2A-593D-48E9-9299-B2269B43BEEB}"
EndProject
Project("{FAE04EC0-301F-11D3-BF4B-00C04F79EFBC}") = "XamarinSocialApp.WinPhone", "XamarinSocialApp\XamarinSocialApp.WinPhone\XamarinSocialApp.WinPhone.csproj", "{92458DC3-4621-4D30-80A4-B68357011469}"
EndProject
Project("{FAE04EC0-301F-11D3-BF4B-00C04F79EFBC}") = "XamarinSocialApp.WinRT.Tablet", "XamarinSocialApp\XamarinSocialApp.WinRT.Tablet\XamarinSocialApp.WinRT.Tablet.csproj", "{74C42641-BD23-48F5-BD4C-D643E849181C}"
EndProject
Project("{2150E333-8FDC-42A3-9474-1A3956D46DE8}") = "Common", "Common", "{F2A52948-56D6-42E5-AF8E-86BBE7D5C487}"
EndProject
Project("{2150E333-8FDC-42A3-9474-1A3956D46DE8}") = "Data", "Data", "{51CEDA5B-75C6-4AD5-A239-756D29D4E33E}"
EndProject
Project("{2150E333-8FDC-42A3-9474-1A3956D46DE8}") = "UI", "UI", "{E3582A9D-B4C4-4220-A9E8-B6E385C6E0D1}"
EndProject
Project("{2150E333-8FDC-42A3-9474-1A3956D46DE8}") = "Platform", "Platform", "{8BDECC28-89D1-43B3-8BD7-136C484099FE}"
EndProject
Project("{2150E333-8FDC-42A3-9474-1A3956D46DE8}") = "Services", "Services", "{FBD07ABB-7ED1-43FD-8374-0A3467E64852}"
EndProject
Project("{2150E333-8FDC-42A3-9474-1A3956D46DE8}") = "Common", "Common", "{A79A3500-CEF8-4546-8839-0FC0FD3C2AE9}"
EndProject
Project("{2150E333-8FDC-42A3-9474-1A3956D46DE8}") = "Data", "Data", "{8F11FD92-9DDA-4F57-BD69-5D26666A0985}"
EndProject
Project("{2150E333-8FDC-42A3-9474-1A3956D46DE8}") = "Services", "Services", "{F2001578-657E-4BDF-A50A-D7B10D534E4D}"
EndProject
Project("{2150E333-8FDC-42A3-9474-1A3956D46DE8}") = "Android", "Android", "{E6E6605E-73FB-4FAE-9782-91631F2C1EB1}"
EndProject
Project("{2150E333-8FDC-42A3-9474-1A3956D46DE8}") = "iOS", "iOS", "{2DA12B85-84D2-4998-8C7D-CC65B2185881}"
EndProject
Project("{2150E333-8FDC-42A3-9474-1A3956D46DE8}") = "WinRT", "WinRT", "{13FB49D8-DE53-45DC-914F-BC6885AC2D8F}"
EndProject
Project("{2150E333-8FDC-42A3-9474-1A3956D46DE8}") = "WinPhone80", "WinPhone80", "{CB009DB7-CDD2-4FA0-8B9F-89C15522668D}"
EndProject
Project("{2150E333-8FDC-42A3-9474-1A3956D46DE8}") = "Tablet", "Tablet", "{DB9B4CFA-C1A3-416A-A913-D540E3C6FAE5}"
EndProject
Project("{2150E333-8FDC-42A3-9474-1A3956D46DE8}") = "WinPhone81", "WinPhone81", "{AA6A6E93-3668-48AB-8166-8356851BA35A}"
EndProject
Project("{2150E333-8FDC-42A3-9474-1A3956D46DE8}") = "CodeSnippets", "CodeSnippets", "{23195E63-2F1E-419A-983D-8F08A9987130}"
	ProjectSection(SolutionItems) = preProject
		SolutionItems\regi.snippet = SolutionItems\regi.snippet
		SolutionItems\throwe.snippet = SolutionItems\throwe.snippet
		SolutionItems\trye.snippet = SolutionItems\trye.snippet
	EndProjectSection
EndProject
Project("{FAE04EC0-301F-11D3-BF4B-00C04F79EFBC}") = "Common.MVVM.Library", "Common\Common.MVVM.Library\Common.MVVM.Library.csproj", "{67F9D3A8-F71E-4428-913F-C37AE82CDB24}"
EndProject
Project("{FAE04EC0-301F-11D3-BF4B-00C04F79EFBC}") = "XamarinSocialApp.Common", "Common\XamarinSocialApp.Common\XamarinSocialApp.Common.csproj", "{71982E0D-CBA7-4A1C-BFF5-12B2CB52A8D2}"
EndProject
Project("{FAE04EC0-301F-11D3-BF4B-00C04F79EFBC}") = "XamarinSocialApp.Services.Common", "Services\XamarinSocialApp.Services.Common\XamarinSocialApp.Services.Common.csproj", "{DEB06B6B-9D2C-4CD1-A479-DF65ECAFA962}"
EndProject
Project("{FAE04EC0-301F-11D3-BF4B-00C04F79EFBC}") = "XamarinSocialApp.Data.Common", "XamarinSocialApp.Data.Common\XamarinSocialApp.Data.Common.csproj", "{6D00A28B-72DF-43E7-AE15-4CD00AD62621}"
EndProject
Project("{FAE04EC0-301F-11D3-BF4B-00C04F79EFBC}") = "XamarinSocialApp.Services.UI", "Services\XamarinSocialApp.Services.UI\XamarinSocialApp.Services.UI.csproj", "{1C2FD418-3D6D-475F-A352-C6A4F54818AA}"
EndProject
Project("{FAE04EC0-301F-11D3-BF4B-00C04F79EFBC}") = "XamarinSocialApp.UI.Services", "UI\Services\XamarinSocialApp.UI.Services\XamarinSocialApp.UI.Services.csproj", "{B141C91C-D554-4AC7-84D6-0D03B7F2DD87}"
EndProject
Project("{FAE04EC0-301F-11D3-BF4B-00C04F79EFBC}") = "XamarinSocialApp.UI.Common", "UI\Common\XamarinSocialApp.UI.Common\XamarinSocialApp.UI.Common.csproj", "{CD22C543-B51F-493E-BE9D-14BB117DFBAC}"
EndProject
Project("{FAE04EC0-301F-11D3-BF4B-00C04F79EFBC}") = "XamarinSocialApp.UI.Common.Views", "UI\Common\XamarinSocialApp.UI.Common.Views\XamarinSocialApp.UI.Common.Views.csproj", "{FC97B6ED-1306-4FE6-9989-EF6BA17DDE64}"
EndProject
Project("{FAE04EC0-301F-11D3-BF4B-00C04F79EFBC}") = "XamarinSocialApp.UI.Common.VVm", "UI\Common\XamarinSocialApp.UI.Common.VVm\XamarinSocialApp.UI.Common.VVm.csproj", "{0AD20DF9-57F2-4382-875D-60FBA45ED6C7}"
EndProject
Project("{2150E333-8FDC-42A3-9474-1A3956D46DE8}") = ".nuget", ".nuget", "{C61C5F19-ED71-436C-AD16-9C7F41FCBD0A}"
	ProjectSection(SolutionItems) = preProject
		.nuget\NuGet.Config = .nuget\NuGet.Config
		.nuget\NuGet.exe = .nuget\NuGet.exe
		.nuget\NuGet.targets = .nuget\NuGet.targets
	EndProjectSection
EndProject
Global
	GlobalSection(SolutionConfigurationPlatforms) = preSolution
		Ad-Hoc|Any CPU = Ad-Hoc|Any CPU
		Ad-Hoc|ARM = Ad-Hoc|ARM
		Ad-Hoc|iPhone = Ad-Hoc|iPhone
		Ad-Hoc|iPhoneSimulator = Ad-Hoc|iPhoneSimulator
		Ad-Hoc|x64 = Ad-Hoc|x64
		Ad-Hoc|x86 = Ad-Hoc|x86
		AppStore|Any CPU = AppStore|Any CPU
		AppStore|ARM = AppStore|ARM
		AppStore|iPhone = AppStore|iPhone
		AppStore|iPhoneSimulator = AppStore|iPhoneSimulator
		AppStore|x64 = AppStore|x64
		AppStore|x86 = AppStore|x86
		Debug|Any CPU = Debug|Any CPU
		Debug|ARM = Debug|ARM
		Debug|iPhone = Debug|iPhone
		Debug|iPhoneSimulator = Debug|iPhoneSimulator
		Debug|x64 = Debug|x64
		Debug|x86 = Debug|x86
		Release|Any CPU = Release|Any CPU
		Release|ARM = Release|ARM
		Release|iPhone = Release|iPhone
		Release|iPhoneSimulator = Release|iPhoneSimulator
		Release|x64 = Release|x64
		Release|x86 = Release|x86
	EndGlobalSection
	GlobalSection(ProjectConfigurationPlatforms) = postSolution
		{937C9FC3-E3E1-4452-9229-96DDC6E413C4}.Ad-Hoc|Any CPU.ActiveCfg = Release|Any CPU
		{937C9FC3-E3E1-4452-9229-96DDC6E413C4}.Ad-Hoc|Any CPU.Build.0 = Release|Any CPU
		{937C9FC3-E3E1-4452-9229-96DDC6E413C4}.Ad-Hoc|ARM.ActiveCfg = Release|Any CPU
		{937C9FC3-E3E1-4452-9229-96DDC6E413C4}.Ad-Hoc|ARM.Build.0 = Release|Any CPU
		{937C9FC3-E3E1-4452-9229-96DDC6E413C4}.Ad-Hoc|iPhone.ActiveCfg = Release|Any CPU
		{937C9FC3-E3E1-4452-9229-96DDC6E413C4}.Ad-Hoc|iPhone.Build.0 = Release|Any CPU
		{937C9FC3-E3E1-4452-9229-96DDC6E413C4}.Ad-Hoc|iPhoneSimulator.ActiveCfg = Release|Any CPU
		{937C9FC3-E3E1-4452-9229-96DDC6E413C4}.Ad-Hoc|iPhoneSimulator.Build.0 = Release|Any CPU
		{937C9FC3-E3E1-4452-9229-96DDC6E413C4}.Ad-Hoc|x64.ActiveCfg = Release|Any CPU
		{937C9FC3-E3E1-4452-9229-96DDC6E413C4}.Ad-Hoc|x64.Build.0 = Release|Any CPU
		{937C9FC3-E3E1-4452-9229-96DDC6E413C4}.Ad-Hoc|x86.ActiveCfg = Release|Any CPU
		{937C9FC3-E3E1-4452-9229-96DDC6E413C4}.Ad-Hoc|x86.Build.0 = Release|Any CPU
		{937C9FC3-E3E1-4452-9229-96DDC6E413C4}.AppStore|Any CPU.ActiveCfg = Release|Any CPU
		{937C9FC3-E3E1-4452-9229-96DDC6E413C4}.AppStore|Any CPU.Build.0 = Release|Any CPU
		{937C9FC3-E3E1-4452-9229-96DDC6E413C4}.AppStore|ARM.ActiveCfg = Release|Any CPU
		{937C9FC3-E3E1-4452-9229-96DDC6E413C4}.AppStore|ARM.Build.0 = Release|Any CPU
		{937C9FC3-E3E1-4452-9229-96DDC6E413C4}.AppStore|iPhone.ActiveCfg = Release|Any CPU
		{937C9FC3-E3E1-4452-9229-96DDC6E413C4}.AppStore|iPhone.Build.0 = Release|Any CPU
		{937C9FC3-E3E1-4452-9229-96DDC6E413C4}.AppStore|iPhoneSimulator.ActiveCfg = Release|Any CPU
		{937C9FC3-E3E1-4452-9229-96DDC6E413C4}.AppStore|iPhoneSimulator.Build.0 = Release|Any CPU
		{937C9FC3-E3E1-4452-9229-96DDC6E413C4}.AppStore|x64.ActiveCfg = Release|Any CPU
		{937C9FC3-E3E1-4452-9229-96DDC6E413C4}.AppStore|x64.Build.0 = Release|Any CPU
		{937C9FC3-E3E1-4452-9229-96DDC6E413C4}.AppStore|x86.ActiveCfg = Release|Any CPU
		{937C9FC3-E3E1-4452-9229-96DDC6E413C4}.AppStore|x86.Build.0 = Release|Any CPU
		{937C9FC3-E3E1-4452-9229-96DDC6E413C4}.Debug|Any CPU.ActiveCfg = Debug|Any CPU
		{937C9FC3-E3E1-4452-9229-96DDC6E413C4}.Debug|Any CPU.Build.0 = Debug|Any CPU
		{937C9FC3-E3E1-4452-9229-96DDC6E413C4}.Debug|ARM.ActiveCfg = Debug|Any CPU
		{937C9FC3-E3E1-4452-9229-96DDC6E413C4}.Debug|ARM.Build.0 = Debug|Any CPU
		{937C9FC3-E3E1-4452-9229-96DDC6E413C4}.Debug|iPhone.ActiveCfg = Debug|Any CPU
		{937C9FC3-E3E1-4452-9229-96DDC6E413C4}.Debug|iPhone.Build.0 = Debug|Any CPU
		{937C9FC3-E3E1-4452-9229-96DDC6E413C4}.Debug|iPhoneSimulator.ActiveCfg = Debug|Any CPU
		{937C9FC3-E3E1-4452-9229-96DDC6E413C4}.Debug|iPhoneSimulator.Build.0 = Debug|Any CPU
		{937C9FC3-E3E1-4452-9229-96DDC6E413C4}.Debug|x64.ActiveCfg = Debug|Any CPU
		{937C9FC3-E3E1-4452-9229-96DDC6E413C4}.Debug|x64.Build.0 = Debug|Any CPU
		{937C9FC3-E3E1-4452-9229-96DDC6E413C4}.Debug|x86.ActiveCfg = Debug|Any CPU
		{937C9FC3-E3E1-4452-9229-96DDC6E413C4}.Debug|x86.Build.0 = Debug|Any CPU
		{937C9FC3-E3E1-4452-9229-96DDC6E413C4}.Release|Any CPU.ActiveCfg = Release|Any CPU
		{937C9FC3-E3E1-4452-9229-96DDC6E413C4}.Release|Any CPU.Build.0 = Release|Any CPU
		{937C9FC3-E3E1-4452-9229-96DDC6E413C4}.Release|ARM.ActiveCfg = Release|Any CPU
		{937C9FC3-E3E1-4452-9229-96DDC6E413C4}.Release|ARM.Build.0 = Release|Any CPU
		{937C9FC3-E3E1-4452-9229-96DDC6E413C4}.Release|iPhone.ActiveCfg = Release|Any CPU
		{937C9FC3-E3E1-4452-9229-96DDC6E413C4}.Release|iPhone.Build.0 = Release|Any CPU
		{937C9FC3-E3E1-4452-9229-96DDC6E413C4}.Release|iPhoneSimulator.ActiveCfg = Release|Any CPU
		{937C9FC3-E3E1-4452-9229-96DDC6E413C4}.Release|iPhoneSimulator.Build.0 = Release|Any CPU
		{937C9FC3-E3E1-4452-9229-96DDC6E413C4}.Release|x64.ActiveCfg = Release|Any CPU
		{937C9FC3-E3E1-4452-9229-96DDC6E413C4}.Release|x64.Build.0 = Release|Any CPU
		{937C9FC3-E3E1-4452-9229-96DDC6E413C4}.Release|x86.ActiveCfg = Release|Any CPU
		{937C9FC3-E3E1-4452-9229-96DDC6E413C4}.Release|x86.Build.0 = Release|Any CPU
		{BE868374-CBFA-41DB-B6A3-E44AE8F17377}.Ad-Hoc|Any CPU.ActiveCfg = Ad-Hoc|iPhone
		{BE868374-CBFA-41DB-B6A3-E44AE8F17377}.Ad-Hoc|ARM.ActiveCfg = Ad-Hoc|iPhone
		{BE868374-CBFA-41DB-B6A3-E44AE8F17377}.Ad-Hoc|iPhone.ActiveCfg = Ad-Hoc|iPhone
		{BE868374-CBFA-41DB-B6A3-E44AE8F17377}.Ad-Hoc|iPhone.Build.0 = Ad-Hoc|iPhone
		{BE868374-CBFA-41DB-B6A3-E44AE8F17377}.Ad-Hoc|iPhoneSimulator.ActiveCfg = Ad-Hoc|iPhoneSimulator
		{BE868374-CBFA-41DB-B6A3-E44AE8F17377}.Ad-Hoc|iPhoneSimulator.Build.0 = Ad-Hoc|iPhoneSimulator
		{BE868374-CBFA-41DB-B6A3-E44AE8F17377}.Ad-Hoc|x64.ActiveCfg = Ad-Hoc|iPhone
		{BE868374-CBFA-41DB-B6A3-E44AE8F17377}.Ad-Hoc|x86.ActiveCfg = Ad-Hoc|iPhone
		{BE868374-CBFA-41DB-B6A3-E44AE8F17377}.AppStore|Any CPU.ActiveCfg = AppStore|iPhone
		{BE868374-CBFA-41DB-B6A3-E44AE8F17377}.AppStore|ARM.ActiveCfg = AppStore|iPhone
		{BE868374-CBFA-41DB-B6A3-E44AE8F17377}.AppStore|iPhone.ActiveCfg = AppStore|iPhone
		{BE868374-CBFA-41DB-B6A3-E44AE8F17377}.AppStore|iPhone.Build.0 = AppStore|iPhone
		{BE868374-CBFA-41DB-B6A3-E44AE8F17377}.AppStore|iPhoneSimulator.ActiveCfg = AppStore|iPhoneSimulator
		{BE868374-CBFA-41DB-B6A3-E44AE8F17377}.AppStore|iPhoneSimulator.Build.0 = AppStore|iPhoneSimulator
		{BE868374-CBFA-41DB-B6A3-E44AE8F17377}.AppStore|x64.ActiveCfg = AppStore|iPhone
		{BE868374-CBFA-41DB-B6A3-E44AE8F17377}.AppStore|x86.ActiveCfg = AppStore|iPhone
		{BE868374-CBFA-41DB-B6A3-E44AE8F17377}.Debug|Any CPU.ActiveCfg = Debug|iPhone
		{BE868374-CBFA-41DB-B6A3-E44AE8F17377}.Debug|ARM.ActiveCfg = Debug|iPhone
		{BE868374-CBFA-41DB-B6A3-E44AE8F17377}.Debug|iPhone.ActiveCfg = Debug|iPhone
		{BE868374-CBFA-41DB-B6A3-E44AE8F17377}.Debug|iPhone.Build.0 = Debug|iPhone
		{BE868374-CBFA-41DB-B6A3-E44AE8F17377}.Debug|iPhoneSimulator.ActiveCfg = Debug|iPhoneSimulator
		{BE868374-CBFA-41DB-B6A3-E44AE8F17377}.Debug|iPhoneSimulator.Build.0 = Debug|iPhoneSimulator
		{BE868374-CBFA-41DB-B6A3-E44AE8F17377}.Debug|x64.ActiveCfg = Debug|iPhone
		{BE868374-CBFA-41DB-B6A3-E44AE8F17377}.Debug|x86.ActiveCfg = Debug|iPhone
		{BE868374-CBFA-41DB-B6A3-E44AE8F17377}.Release|Any CPU.ActiveCfg = Release|iPhone
		{BE868374-CBFA-41DB-B6A3-E44AE8F17377}.Release|ARM.ActiveCfg = Release|iPhone
		{BE868374-CBFA-41DB-B6A3-E44AE8F17377}.Release|iPhone.ActiveCfg = Release|iPhone
		{BE868374-CBFA-41DB-B6A3-E44AE8F17377}.Release|iPhone.Build.0 = Release|iPhone
		{BE868374-CBFA-41DB-B6A3-E44AE8F17377}.Release|iPhoneSimulator.ActiveCfg = Release|iPhoneSimulator
		{BE868374-CBFA-41DB-B6A3-E44AE8F17377}.Release|iPhoneSimulator.Build.0 = Release|iPhoneSimulator
		{BE868374-CBFA-41DB-B6A3-E44AE8F17377}.Release|x64.ActiveCfg = Release|iPhone
		{BE868374-CBFA-41DB-B6A3-E44AE8F17377}.Release|x86.ActiveCfg = Release|iPhone
		{A29AFF2A-593D-48E9-9299-B2269B43BEEB}.Ad-Hoc|Any CPU.ActiveCfg = Release|Any CPU
		{A29AFF2A-593D-48E9-9299-B2269B43BEEB}.Ad-Hoc|Any CPU.Build.0 = Release|Any CPU
		{A29AFF2A-593D-48E9-9299-B2269B43BEEB}.Ad-Hoc|Any CPU.Deploy.0 = Release|Any CPU
		{A29AFF2A-593D-48E9-9299-B2269B43BEEB}.Ad-Hoc|ARM.ActiveCfg = Release|Any CPU
		{A29AFF2A-593D-48E9-9299-B2269B43BEEB}.Ad-Hoc|ARM.Build.0 = Release|Any CPU
		{A29AFF2A-593D-48E9-9299-B2269B43BEEB}.Ad-Hoc|ARM.Deploy.0 = Release|Any CPU
		{A29AFF2A-593D-48E9-9299-B2269B43BEEB}.Ad-Hoc|iPhone.ActiveCfg = Release|Any CPU
		{A29AFF2A-593D-48E9-9299-B2269B43BEEB}.Ad-Hoc|iPhone.Build.0 = Release|Any CPU
		{A29AFF2A-593D-48E9-9299-B2269B43BEEB}.Ad-Hoc|iPhone.Deploy.0 = Release|Any CPU
		{A29AFF2A-593D-48E9-9299-B2269B43BEEB}.Ad-Hoc|iPhoneSimulator.ActiveCfg = Release|Any CPU
		{A29AFF2A-593D-48E9-9299-B2269B43BEEB}.Ad-Hoc|iPhoneSimulator.Build.0 = Release|Any CPU
		{A29AFF2A-593D-48E9-9299-B2269B43BEEB}.Ad-Hoc|iPhoneSimulator.Deploy.0 = Release|Any CPU
		{A29AFF2A-593D-48E9-9299-B2269B43BEEB}.Ad-Hoc|x64.ActiveCfg = Release|Any CPU
		{A29AFF2A-593D-48E9-9299-B2269B43BEEB}.Ad-Hoc|x64.Build.0 = Release|Any CPU
		{A29AFF2A-593D-48E9-9299-B2269B43BEEB}.Ad-Hoc|x64.Deploy.0 = Release|Any CPU
		{A29AFF2A-593D-48E9-9299-B2269B43BEEB}.Ad-Hoc|x86.ActiveCfg = Release|Any CPU
		{A29AFF2A-593D-48E9-9299-B2269B43BEEB}.Ad-Hoc|x86.Build.0 = Release|Any CPU
		{A29AFF2A-593D-48E9-9299-B2269B43BEEB}.Ad-Hoc|x86.Deploy.0 = Release|Any CPU
		{A29AFF2A-593D-48E9-9299-B2269B43BEEB}.AppStore|Any CPU.ActiveCfg = Release|Any CPU
		{A29AFF2A-593D-48E9-9299-B2269B43BEEB}.AppStore|Any CPU.Build.0 = Release|Any CPU
		{A29AFF2A-593D-48E9-9299-B2269B43BEEB}.AppStore|Any CPU.Deploy.0 = Release|Any CPU
		{A29AFF2A-593D-48E9-9299-B2269B43BEEB}.AppStore|ARM.ActiveCfg = Release|Any CPU
		{A29AFF2A-593D-48E9-9299-B2269B43BEEB}.AppStore|ARM.Build.0 = Release|Any CPU
		{A29AFF2A-593D-48E9-9299-B2269B43BEEB}.AppStore|ARM.Deploy.0 = Release|Any CPU
		{A29AFF2A-593D-48E9-9299-B2269B43BEEB}.AppStore|iPhone.ActiveCfg = Release|Any CPU
		{A29AFF2A-593D-48E9-9299-B2269B43BEEB}.AppStore|iPhone.Build.0 = Release|Any CPU
		{A29AFF2A-593D-48E9-9299-B2269B43BEEB}.AppStore|iPhone.Deploy.0 = Release|Any CPU
		{A29AFF2A-593D-48E9-9299-B2269B43BEEB}.AppStore|iPhoneSimulator.ActiveCfg = Release|Any CPU
		{A29AFF2A-593D-48E9-9299-B2269B43BEEB}.AppStore|iPhoneSimulator.Build.0 = Release|Any CPU
		{A29AFF2A-593D-48E9-9299-B2269B43BEEB}.AppStore|iPhoneSimulator.Deploy.0 = Release|Any CPU
		{A29AFF2A-593D-48E9-9299-B2269B43BEEB}.AppStore|x64.ActiveCfg = Release|Any CPU
		{A29AFF2A-593D-48E9-9299-B2269B43BEEB}.AppStore|x64.Build.0 = Release|Any CPU
		{A29AFF2A-593D-48E9-9299-B2269B43BEEB}.AppStore|x64.Deploy.0 = Release|Any CPU
		{A29AFF2A-593D-48E9-9299-B2269B43BEEB}.AppStore|x86.ActiveCfg = Release|Any CPU
		{A29AFF2A-593D-48E9-9299-B2269B43BEEB}.AppStore|x86.Build.0 = Release|Any CPU
		{A29AFF2A-593D-48E9-9299-B2269B43BEEB}.AppStore|x86.Deploy.0 = Release|Any CPU
		{A29AFF2A-593D-48E9-9299-B2269B43BEEB}.Debug|Any CPU.ActiveCfg = Debug|Any CPU
		{A29AFF2A-593D-48E9-9299-B2269B43BEEB}.Debug|Any CPU.Build.0 = Debug|Any CPU
		{A29AFF2A-593D-48E9-9299-B2269B43BEEB}.Debug|Any CPU.Deploy.0 = Debug|Any CPU
		{A29AFF2A-593D-48E9-9299-B2269B43BEEB}.Debug|ARM.ActiveCfg = Debug|Any CPU
		{A29AFF2A-593D-48E9-9299-B2269B43BEEB}.Debug|ARM.Build.0 = Debug|Any CPU
		{A29AFF2A-593D-48E9-9299-B2269B43BEEB}.Debug|ARM.Deploy.0 = Debug|Any CPU
		{A29AFF2A-593D-48E9-9299-B2269B43BEEB}.Debug|iPhone.ActiveCfg = Debug|Any CPU
		{A29AFF2A-593D-48E9-9299-B2269B43BEEB}.Debug|iPhone.Build.0 = Debug|Any CPU
		{A29AFF2A-593D-48E9-9299-B2269B43BEEB}.Debug|iPhone.Deploy.0 = Debug|Any CPU
		{A29AFF2A-593D-48E9-9299-B2269B43BEEB}.Debug|iPhoneSimulator.ActiveCfg = Debug|Any CPU
		{A29AFF2A-593D-48E9-9299-B2269B43BEEB}.Debug|iPhoneSimulator.Build.0 = Debug|Any CPU
		{A29AFF2A-593D-48E9-9299-B2269B43BEEB}.Debug|iPhoneSimulator.Deploy.0 = Debug|Any CPU
		{A29AFF2A-593D-48E9-9299-B2269B43BEEB}.Debug|x64.ActiveCfg = Debug|Any CPU
		{A29AFF2A-593D-48E9-9299-B2269B43BEEB}.Debug|x64.Build.0 = Debug|Any CPU
		{A29AFF2A-593D-48E9-9299-B2269B43BEEB}.Debug|x64.Deploy.0 = Debug|Any CPU
		{A29AFF2A-593D-48E9-9299-B2269B43BEEB}.Debug|x86.ActiveCfg = Debug|Any CPU
		{A29AFF2A-593D-48E9-9299-B2269B43BEEB}.Debug|x86.Build.0 = Debug|Any CPU
		{A29AFF2A-593D-48E9-9299-B2269B43BEEB}.Debug|x86.Deploy.0 = Debug|Any CPU
		{A29AFF2A-593D-48E9-9299-B2269B43BEEB}.Release|Any CPU.ActiveCfg = Release|Any CPU
		{A29AFF2A-593D-48E9-9299-B2269B43BEEB}.Release|Any CPU.Build.0 = Release|Any CPU
		{A29AFF2A-593D-48E9-9299-B2269B43BEEB}.Release|Any CPU.Deploy.0 = Release|Any CPU
		{A29AFF2A-593D-48E9-9299-B2269B43BEEB}.Release|ARM.ActiveCfg = Release|Any CPU
		{A29AFF2A-593D-48E9-9299-B2269B43BEEB}.Release|ARM.Build.0 = Release|Any CPU
		{A29AFF2A-593D-48E9-9299-B2269B43BEEB}.Release|ARM.Deploy.0 = Release|Any CPU
		{A29AFF2A-593D-48E9-9299-B2269B43BEEB}.Release|iPhone.ActiveCfg = Release|Any CPU
		{A29AFF2A-593D-48E9-9299-B2269B43BEEB}.Release|iPhone.Build.0 = Release|Any CPU
		{A29AFF2A-593D-48E9-9299-B2269B43BEEB}.Release|iPhone.Deploy.0 = Release|Any CPU
		{A29AFF2A-593D-48E9-9299-B2269B43BEEB}.Release|iPhoneSimulator.ActiveCfg = Release|Any CPU
		{A29AFF2A-593D-48E9-9299-B2269B43BEEB}.Release|iPhoneSimulator.Build.0 = Release|Any CPU
		{A29AFF2A-593D-48E9-9299-B2269B43BEEB}.Release|iPhoneSimulator.Deploy.0 = Release|Any CPU
		{A29AFF2A-593D-48E9-9299-B2269B43BEEB}.Release|x64.ActiveCfg = Release|Any CPU
		{A29AFF2A-593D-48E9-9299-B2269B43BEEB}.Release|x64.Build.0 = Release|Any CPU
		{A29AFF2A-593D-48E9-9299-B2269B43BEEB}.Release|x64.Deploy.0 = Release|Any CPU
		{A29AFF2A-593D-48E9-9299-B2269B43BEEB}.Release|x86.ActiveCfg = Release|Any CPU
		{A29AFF2A-593D-48E9-9299-B2269B43BEEB}.Release|x86.Build.0 = Release|Any CPU
		{A29AFF2A-593D-48E9-9299-B2269B43BEEB}.Release|x86.Deploy.0 = Release|Any CPU
		{92458DC3-4621-4D30-80A4-B68357011469}.Ad-Hoc|Any CPU.ActiveCfg = Release|Any CPU
		{92458DC3-4621-4D30-80A4-B68357011469}.Ad-Hoc|Any CPU.Build.0 = Release|Any CPU
		{92458DC3-4621-4D30-80A4-B68357011469}.Ad-Hoc|Any CPU.Deploy.0 = Release|Any CPU
		{92458DC3-4621-4D30-80A4-B68357011469}.Ad-Hoc|ARM.ActiveCfg = Release|ARM
		{92458DC3-4621-4D30-80A4-B68357011469}.Ad-Hoc|ARM.Build.0 = Release|ARM
		{92458DC3-4621-4D30-80A4-B68357011469}.Ad-Hoc|ARM.Deploy.0 = Release|ARM
		{92458DC3-4621-4D30-80A4-B68357011469}.Ad-Hoc|iPhone.ActiveCfg = Release|Any CPU
		{92458DC3-4621-4D30-80A4-B68357011469}.Ad-Hoc|iPhone.Build.0 = Release|Any CPU
		{92458DC3-4621-4D30-80A4-B68357011469}.Ad-Hoc|iPhone.Deploy.0 = Release|Any CPU
		{92458DC3-4621-4D30-80A4-B68357011469}.Ad-Hoc|iPhoneSimulator.ActiveCfg = Release|Any CPU
		{92458DC3-4621-4D30-80A4-B68357011469}.Ad-Hoc|iPhoneSimulator.Build.0 = Release|Any CPU
		{92458DC3-4621-4D30-80A4-B68357011469}.Ad-Hoc|iPhoneSimulator.Deploy.0 = Release|Any CPU
		{92458DC3-4621-4D30-80A4-B68357011469}.Ad-Hoc|x64.ActiveCfg = Release|Any CPU
		{92458DC3-4621-4D30-80A4-B68357011469}.Ad-Hoc|x86.ActiveCfg = Release|x86
		{92458DC3-4621-4D30-80A4-B68357011469}.Ad-Hoc|x86.Build.0 = Release|x86
		{92458DC3-4621-4D30-80A4-B68357011469}.Ad-Hoc|x86.Deploy.0 = Release|x86
		{92458DC3-4621-4D30-80A4-B68357011469}.AppStore|Any CPU.ActiveCfg = Release|Any CPU
		{92458DC3-4621-4D30-80A4-B68357011469}.AppStore|Any CPU.Build.0 = Release|Any CPU
		{92458DC3-4621-4D30-80A4-B68357011469}.AppStore|Any CPU.Deploy.0 = Release|Any CPU
		{92458DC3-4621-4D30-80A4-B68357011469}.AppStore|ARM.ActiveCfg = Release|ARM
		{92458DC3-4621-4D30-80A4-B68357011469}.AppStore|ARM.Build.0 = Release|ARM
		{92458DC3-4621-4D30-80A4-B68357011469}.AppStore|ARM.Deploy.0 = Release|ARM
		{92458DC3-4621-4D30-80A4-B68357011469}.AppStore|iPhone.ActiveCfg = Release|Any CPU
		{92458DC3-4621-4D30-80A4-B68357011469}.AppStore|iPhone.Build.0 = Release|Any CPU
		{92458DC3-4621-4D30-80A4-B68357011469}.AppStore|iPhone.Deploy.0 = Release|Any CPU
		{92458DC3-4621-4D30-80A4-B68357011469}.AppStore|iPhoneSimulator.ActiveCfg = Release|Any CPU
		{92458DC3-4621-4D30-80A4-B68357011469}.AppStore|iPhoneSimulator.Build.0 = Release|Any CPU
		{92458DC3-4621-4D30-80A4-B68357011469}.AppStore|iPhoneSimulator.Deploy.0 = Release|Any CPU
		{92458DC3-4621-4D30-80A4-B68357011469}.AppStore|x64.ActiveCfg = Release|Any CPU
		{92458DC3-4621-4D30-80A4-B68357011469}.AppStore|x86.ActiveCfg = Release|x86
		{92458DC3-4621-4D30-80A4-B68357011469}.AppStore|x86.Build.0 = Release|x86
		{92458DC3-4621-4D30-80A4-B68357011469}.AppStore|x86.Deploy.0 = Release|x86
		{92458DC3-4621-4D30-80A4-B68357011469}.Debug|Any CPU.ActiveCfg = Debug|Any CPU
		{92458DC3-4621-4D30-80A4-B68357011469}.Debug|Any CPU.Build.0 = Debug|Any CPU
		{92458DC3-4621-4D30-80A4-B68357011469}.Debug|Any CPU.Deploy.0 = Debug|Any CPU
		{92458DC3-4621-4D30-80A4-B68357011469}.Debug|ARM.ActiveCfg = Debug|ARM
		{92458DC3-4621-4D30-80A4-B68357011469}.Debug|ARM.Build.0 = Debug|ARM
		{92458DC3-4621-4D30-80A4-B68357011469}.Debug|ARM.Deploy.0 = Debug|ARM
		{92458DC3-4621-4D30-80A4-B68357011469}.Debug|iPhone.ActiveCfg = Debug|Any CPU
		{92458DC3-4621-4D30-80A4-B68357011469}.Debug|iPhone.Build.0 = Debug|Any CPU
		{92458DC3-4621-4D30-80A4-B68357011469}.Debug|iPhone.Deploy.0 = Debug|Any CPU
		{92458DC3-4621-4D30-80A4-B68357011469}.Debug|iPhoneSimulator.ActiveCfg = Debug|Any CPU
		{92458DC3-4621-4D30-80A4-B68357011469}.Debug|iPhoneSimulator.Build.0 = Debug|Any CPU
		{92458DC3-4621-4D30-80A4-B68357011469}.Debug|iPhoneSimulator.Deploy.0 = Debug|Any CPU
		{92458DC3-4621-4D30-80A4-B68357011469}.Debug|x64.ActiveCfg = Debug|Any CPU
		{92458DC3-4621-4D30-80A4-B68357011469}.Debug|x86.ActiveCfg = Debug|x86
		{92458DC3-4621-4D30-80A4-B68357011469}.Debug|x86.Build.0 = Debug|x86
		{92458DC3-4621-4D30-80A4-B68357011469}.Debug|x86.Deploy.0 = Debug|x86
		{92458DC3-4621-4D30-80A4-B68357011469}.Release|Any CPU.ActiveCfg = Release|Any CPU
		{92458DC3-4621-4D30-80A4-B68357011469}.Release|Any CPU.Build.0 = Release|Any CPU
		{92458DC3-4621-4D30-80A4-B68357011469}.Release|Any CPU.Deploy.0 = Release|Any CPU
		{92458DC3-4621-4D30-80A4-B68357011469}.Release|ARM.ActiveCfg = Release|ARM
		{92458DC3-4621-4D30-80A4-B68357011469}.Release|ARM.Build.0 = Release|ARM
		{92458DC3-4621-4D30-80A4-B68357011469}.Release|ARM.Deploy.0 = Release|ARM
		{92458DC3-4621-4D30-80A4-B68357011469}.Release|iPhone.ActiveCfg = Release|Any CPU
		{92458DC3-4621-4D30-80A4-B68357011469}.Release|iPhone.Build.0 = Release|Any CPU
		{92458DC3-4621-4D30-80A4-B68357011469}.Release|iPhone.Deploy.0 = Release|Any CPU
		{92458DC3-4621-4D30-80A4-B68357011469}.Release|iPhoneSimulator.ActiveCfg = Release|Any CPU
		{92458DC3-4621-4D30-80A4-B68357011469}.Release|iPhoneSimulator.Build.0 = Release|Any CPU
		{92458DC3-4621-4D30-80A4-B68357011469}.Release|iPhoneSimulator.Deploy.0 = Release|Any CPU
		{92458DC3-4621-4D30-80A4-B68357011469}.Release|x64.ActiveCfg = Release|Any CPU
		{92458DC3-4621-4D30-80A4-B68357011469}.Release|x86.ActiveCfg = Release|x86
		{92458DC3-4621-4D30-80A4-B68357011469}.Release|x86.Build.0 = Release|x86
		{92458DC3-4621-4D30-80A4-B68357011469}.Release|x86.Deploy.0 = Release|x86
		{74C42641-BD23-48F5-BD4C-D643E849181C}.Ad-Hoc|Any CPU.ActiveCfg = Release|Any CPU
		{74C42641-BD23-48F5-BD4C-D643E849181C}.Ad-Hoc|Any CPU.Build.0 = Release|Any CPU
		{74C42641-BD23-48F5-BD4C-D643E849181C}.Ad-Hoc|Any CPU.Deploy.0 = Release|Any CPU
		{74C42641-BD23-48F5-BD4C-D643E849181C}.Ad-Hoc|ARM.ActiveCfg = Release|ARM
		{74C42641-BD23-48F5-BD4C-D643E849181C}.Ad-Hoc|ARM.Build.0 = Release|ARM
		{74C42641-BD23-48F5-BD4C-D643E849181C}.Ad-Hoc|ARM.Deploy.0 = Release|ARM
		{74C42641-BD23-48F5-BD4C-D643E849181C}.Ad-Hoc|iPhone.ActiveCfg = Release|Any CPU
		{74C42641-BD23-48F5-BD4C-D643E849181C}.Ad-Hoc|iPhone.Build.0 = Release|Any CPU
		{74C42641-BD23-48F5-BD4C-D643E849181C}.Ad-Hoc|iPhone.Deploy.0 = Release|Any CPU
		{74C42641-BD23-48F5-BD4C-D643E849181C}.Ad-Hoc|iPhoneSimulator.ActiveCfg = Release|Any CPU
		{74C42641-BD23-48F5-BD4C-D643E849181C}.Ad-Hoc|iPhoneSimulator.Build.0 = Release|Any CPU
		{74C42641-BD23-48F5-BD4C-D643E849181C}.Ad-Hoc|iPhoneSimulator.Deploy.0 = Release|Any CPU
		{74C42641-BD23-48F5-BD4C-D643E849181C}.Ad-Hoc|x64.ActiveCfg = Release|x64
		{74C42641-BD23-48F5-BD4C-D643E849181C}.Ad-Hoc|x64.Build.0 = Release|x64
		{74C42641-BD23-48F5-BD4C-D643E849181C}.Ad-Hoc|x64.Deploy.0 = Release|x64
		{74C42641-BD23-48F5-BD4C-D643E849181C}.Ad-Hoc|x86.ActiveCfg = Release|x86
		{74C42641-BD23-48F5-BD4C-D643E849181C}.Ad-Hoc|x86.Build.0 = Release|x86
		{74C42641-BD23-48F5-BD4C-D643E849181C}.Ad-Hoc|x86.Deploy.0 = Release|x86
		{74C42641-BD23-48F5-BD4C-D643E849181C}.AppStore|Any CPU.ActiveCfg = Release|Any CPU
		{74C42641-BD23-48F5-BD4C-D643E849181C}.AppStore|Any CPU.Build.0 = Release|Any CPU
		{74C42641-BD23-48F5-BD4C-D643E849181C}.AppStore|Any CPU.Deploy.0 = Release|Any CPU
		{74C42641-BD23-48F5-BD4C-D643E849181C}.AppStore|ARM.ActiveCfg = Release|ARM
		{74C42641-BD23-48F5-BD4C-D643E849181C}.AppStore|ARM.Build.0 = Release|ARM
		{74C42641-BD23-48F5-BD4C-D643E849181C}.AppStore|ARM.Deploy.0 = Release|ARM
		{74C42641-BD23-48F5-BD4C-D643E849181C}.AppStore|iPhone.ActiveCfg = Release|Any CPU
		{74C42641-BD23-48F5-BD4C-D643E849181C}.AppStore|iPhone.Build.0 = Release|Any CPU
		{74C42641-BD23-48F5-BD4C-D643E849181C}.AppStore|iPhone.Deploy.0 = Release|Any CPU
		{74C42641-BD23-48F5-BD4C-D643E849181C}.AppStore|iPhoneSimulator.ActiveCfg = Release|Any CPU
		{74C42641-BD23-48F5-BD4C-D643E849181C}.AppStore|iPhoneSimulator.Build.0 = Release|Any CPU
		{74C42641-BD23-48F5-BD4C-D643E849181C}.AppStore|iPhoneSimulator.Deploy.0 = Release|Any CPU
		{74C42641-BD23-48F5-BD4C-D643E849181C}.AppStore|x64.ActiveCfg = Release|x64
		{74C42641-BD23-48F5-BD4C-D643E849181C}.AppStore|x64.Build.0 = Release|x64
		{74C42641-BD23-48F5-BD4C-D643E849181C}.AppStore|x64.Deploy.0 = Release|x64
		{74C42641-BD23-48F5-BD4C-D643E849181C}.AppStore|x86.ActiveCfg = Release|x86
		{74C42641-BD23-48F5-BD4C-D643E849181C}.AppStore|x86.Build.0 = Release|x86
		{74C42641-BD23-48F5-BD4C-D643E849181C}.AppStore|x86.Deploy.0 = Release|x86
		{74C42641-BD23-48F5-BD4C-D643E849181C}.Debug|Any CPU.ActiveCfg = Debug|Any CPU
		{74C42641-BD23-48F5-BD4C-D643E849181C}.Debug|Any CPU.Build.0 = Debug|Any CPU
		{74C42641-BD23-48F5-BD4C-D643E849181C}.Debug|Any CPU.Deploy.0 = Debug|Any CPU
		{74C42641-BD23-48F5-BD4C-D643E849181C}.Debug|ARM.ActiveCfg = Debug|ARM
		{74C42641-BD23-48F5-BD4C-D643E849181C}.Debug|ARM.Build.0 = Debug|ARM
		{74C42641-BD23-48F5-BD4C-D643E849181C}.Debug|ARM.Deploy.0 = Debug|ARM
		{74C42641-BD23-48F5-BD4C-D643E849181C}.Debug|iPhone.ActiveCfg = Debug|Any CPU
		{74C42641-BD23-48F5-BD4C-D643E849181C}.Debug|iPhone.Build.0 = Debug|Any CPU
		{74C42641-BD23-48F5-BD4C-D643E849181C}.Debug|iPhone.Deploy.0 = Debug|Any CPU
		{74C42641-BD23-48F5-BD4C-D643E849181C}.Debug|iPhoneSimulator.ActiveCfg = Debug|Any CPU
		{74C42641-BD23-48F5-BD4C-D643E849181C}.Debug|iPhoneSimulator.Build.0 = Debug|Any CPU
		{74C42641-BD23-48F5-BD4C-D643E849181C}.Debug|iPhoneSimulator.Deploy.0 = Debug|Any CPU
		{74C42641-BD23-48F5-BD4C-D643E849181C}.Debug|x64.ActiveCfg = Debug|x64
		{74C42641-BD23-48F5-BD4C-D643E849181C}.Debug|x64.Build.0 = Debug|x64
		{74C42641-BD23-48F5-BD4C-D643E849181C}.Debug|x64.Deploy.0 = Debug|x64
		{74C42641-BD23-48F5-BD4C-D643E849181C}.Debug|x86.ActiveCfg = Debug|x86
		{74C42641-BD23-48F5-BD4C-D643E849181C}.Debug|x86.Build.0 = Debug|x86
		{74C42641-BD23-48F5-BD4C-D643E849181C}.Debug|x86.Deploy.0 = Debug|x86
		{74C42641-BD23-48F5-BD4C-D643E849181C}.Release|Any CPU.ActiveCfg = Release|Any CPU
		{74C42641-BD23-48F5-BD4C-D643E849181C}.Release|Any CPU.Build.0 = Release|Any CPU
		{74C42641-BD23-48F5-BD4C-D643E849181C}.Release|Any CPU.Deploy.0 = Release|Any CPU
		{74C42641-BD23-48F5-BD4C-D643E849181C}.Release|ARM.ActiveCfg = Release|ARM
		{74C42641-BD23-48F5-BD4C-D643E849181C}.Release|ARM.Build.0 = Release|ARM
		{74C42641-BD23-48F5-BD4C-D643E849181C}.Release|ARM.Deploy.0 = Release|ARM
		{74C42641-BD23-48F5-BD4C-D643E849181C}.Release|iPhone.ActiveCfg = Release|Any CPU
		{74C42641-BD23-48F5-BD4C-D643E849181C}.Release|iPhone.Build.0 = Release|Any CPU
		{74C42641-BD23-48F5-BD4C-D643E849181C}.Release|iPhone.Deploy.0 = Release|Any CPU
		{74C42641-BD23-48F5-BD4C-D643E849181C}.Release|iPhoneSimulator.ActiveCfg = Release|Any CPU
		{74C42641-BD23-48F5-BD4C-D643E849181C}.Release|iPhoneSimulator.Build.0 = Release|Any CPU
		{74C42641-BD23-48F5-BD4C-D643E849181C}.Release|iPhoneSimulator.Deploy.0 = Release|Any CPU
		{74C42641-BD23-48F5-BD4C-D643E849181C}.Release|x64.ActiveCfg = Release|x64
		{74C42641-BD23-48F5-BD4C-D643E849181C}.Release|x64.Build.0 = Release|x64
		{74C42641-BD23-48F5-BD4C-D643E849181C}.Release|x64.Deploy.0 = Release|x64
		{74C42641-BD23-48F5-BD4C-D643E849181C}.Release|x86.ActiveCfg = Release|x86
		{74C42641-BD23-48F5-BD4C-D643E849181C}.Release|x86.Build.0 = Release|x86
		{74C42641-BD23-48F5-BD4C-D643E849181C}.Release|x86.Deploy.0 = Release|x86
		{67F9D3A8-F71E-4428-913F-C37AE82CDB24}.Ad-Hoc|Any CPU.ActiveCfg = Release|Any CPU
		{67F9D3A8-F71E-4428-913F-C37AE82CDB24}.Ad-Hoc|Any CPU.Build.0 = Release|Any CPU
		{67F9D3A8-F71E-4428-913F-C37AE82CDB24}.Ad-Hoc|ARM.ActiveCfg = Release|Any CPU
		{67F9D3A8-F71E-4428-913F-C37AE82CDB24}.Ad-Hoc|ARM.Build.0 = Release|Any CPU
		{67F9D3A8-F71E-4428-913F-C37AE82CDB24}.Ad-Hoc|iPhone.ActiveCfg = Release|Any CPU
		{67F9D3A8-F71E-4428-913F-C37AE82CDB24}.Ad-Hoc|iPhone.Build.0 = Release|Any CPU
		{67F9D3A8-F71E-4428-913F-C37AE82CDB24}.Ad-Hoc|iPhoneSimulator.ActiveCfg = Release|Any CPU
		{67F9D3A8-F71E-4428-913F-C37AE82CDB24}.Ad-Hoc|iPhoneSimulator.Build.0 = Release|Any CPU
		{67F9D3A8-F71E-4428-913F-C37AE82CDB24}.Ad-Hoc|x64.ActiveCfg = Release|Any CPU
		{67F9D3A8-F71E-4428-913F-C37AE82CDB24}.Ad-Hoc|x64.Build.0 = Release|Any CPU
		{67F9D3A8-F71E-4428-913F-C37AE82CDB24}.Ad-Hoc|x86.ActiveCfg = Release|Any CPU
		{67F9D3A8-F71E-4428-913F-C37AE82CDB24}.Ad-Hoc|x86.Build.0 = Release|Any CPU
		{67F9D3A8-F71E-4428-913F-C37AE82CDB24}.AppStore|Any CPU.ActiveCfg = Release|Any CPU
		{67F9D3A8-F71E-4428-913F-C37AE82CDB24}.AppStore|Any CPU.Build.0 = Release|Any CPU
		{67F9D3A8-F71E-4428-913F-C37AE82CDB24}.AppStore|ARM.ActiveCfg = Release|Any CPU
		{67F9D3A8-F71E-4428-913F-C37AE82CDB24}.AppStore|ARM.Build.0 = Release|Any CPU
		{67F9D3A8-F71E-4428-913F-C37AE82CDB24}.AppStore|iPhone.ActiveCfg = Release|Any CPU
		{67F9D3A8-F71E-4428-913F-C37AE82CDB24}.AppStore|iPhone.Build.0 = Release|Any CPU
		{67F9D3A8-F71E-4428-913F-C37AE82CDB24}.AppStore|iPhoneSimulator.ActiveCfg = Release|Any CPU
		{67F9D3A8-F71E-4428-913F-C37AE82CDB24}.AppStore|iPhoneSimulator.Build.0 = Release|Any CPU
		{67F9D3A8-F71E-4428-913F-C37AE82CDB24}.AppStore|x64.ActiveCfg = Release|Any CPU
		{67F9D3A8-F71E-4428-913F-C37AE82CDB24}.AppStore|x64.Build.0 = Release|Any CPU
		{67F9D3A8-F71E-4428-913F-C37AE82CDB24}.AppStore|x86.ActiveCfg = Release|Any CPU
		{67F9D3A8-F71E-4428-913F-C37AE82CDB24}.AppStore|x86.Build.0 = Release|Any CPU
		{67F9D3A8-F71E-4428-913F-C37AE82CDB24}.Debug|Any CPU.ActiveCfg = Debug|Any CPU
		{67F9D3A8-F71E-4428-913F-C37AE82CDB24}.Debug|Any CPU.Build.0 = Debug|Any CPU
		{67F9D3A8-F71E-4428-913F-C37AE82CDB24}.Debug|ARM.ActiveCfg = Debug|Any CPU
		{67F9D3A8-F71E-4428-913F-C37AE82CDB24}.Debug|ARM.Build.0 = Debug|Any CPU
		{67F9D3A8-F71E-4428-913F-C37AE82CDB24}.Debug|iPhone.ActiveCfg = Debug|Any CPU
		{67F9D3A8-F71E-4428-913F-C37AE82CDB24}.Debug|iPhone.Build.0 = Debug|Any CPU
		{67F9D3A8-F71E-4428-913F-C37AE82CDB24}.Debug|iPhoneSimulator.ActiveCfg = Debug|Any CPU
		{67F9D3A8-F71E-4428-913F-C37AE82CDB24}.Debug|iPhoneSimulator.Build.0 = Debug|Any CPU
		{67F9D3A8-F71E-4428-913F-C37AE82CDB24}.Debug|x64.ActiveCfg = Debug|Any CPU
		{67F9D3A8-F71E-4428-913F-C37AE82CDB24}.Debug|x64.Build.0 = Debug|Any CPU
		{67F9D3A8-F71E-4428-913F-C37AE82CDB24}.Debug|x86.ActiveCfg = Debug|Any CPU
		{67F9D3A8-F71E-4428-913F-C37AE82CDB24}.Debug|x86.Build.0 = Debug|Any CPU
		{67F9D3A8-F71E-4428-913F-C37AE82CDB24}.Release|Any CPU.ActiveCfg = Release|Any CPU
		{67F9D3A8-F71E-4428-913F-C37AE82CDB24}.Release|Any CPU.Build.0 = Release|Any CPU
		{67F9D3A8-F71E-4428-913F-C37AE82CDB24}.Release|ARM.ActiveCfg = Release|Any CPU
		{67F9D3A8-F71E-4428-913F-C37AE82CDB24}.Release|ARM.Build.0 = Release|Any CPU
		{67F9D3A8-F71E-4428-913F-C37AE82CDB24}.Release|iPhone.ActiveCfg = Release|Any CPU
		{67F9D3A8-F71E-4428-913F-C37AE82CDB24}.Release|iPhone.Build.0 = Release|Any CPU
		{67F9D3A8-F71E-4428-913F-C37AE82CDB24}.Release|iPhoneSimulator.ActiveCfg = Release|Any CPU
		{67F9D3A8-F71E-4428-913F-C37AE82CDB24}.Release|iPhoneSimulator.Build.0 = Release|Any CPU
		{67F9D3A8-F71E-4428-913F-C37AE82CDB24}.Release|x64.ActiveCfg = Release|Any CPU
		{67F9D3A8-F71E-4428-913F-C37AE82CDB24}.Release|x64.Build.0 = Release|Any CPU
		{67F9D3A8-F71E-4428-913F-C37AE82CDB24}.Release|x86.ActiveCfg = Release|Any CPU
		{67F9D3A8-F71E-4428-913F-C37AE82CDB24}.Release|x86.Build.0 = Release|Any CPU
		{71982E0D-CBA7-4A1C-BFF5-12B2CB52A8D2}.Ad-Hoc|Any CPU.ActiveCfg = Release|Any CPU
		{71982E0D-CBA7-4A1C-BFF5-12B2CB52A8D2}.Ad-Hoc|Any CPU.Build.0 = Release|Any CPU
		{71982E0D-CBA7-4A1C-BFF5-12B2CB52A8D2}.Ad-Hoc|ARM.ActiveCfg = Release|Any CPU
		{71982E0D-CBA7-4A1C-BFF5-12B2CB52A8D2}.Ad-Hoc|ARM.Build.0 = Release|Any CPU
		{71982E0D-CBA7-4A1C-BFF5-12B2CB52A8D2}.Ad-Hoc|iPhone.ActiveCfg = Release|Any CPU
		{71982E0D-CBA7-4A1C-BFF5-12B2CB52A8D2}.Ad-Hoc|iPhone.Build.0 = Release|Any CPU
		{71982E0D-CBA7-4A1C-BFF5-12B2CB52A8D2}.Ad-Hoc|iPhoneSimulator.ActiveCfg = Release|Any CPU
		{71982E0D-CBA7-4A1C-BFF5-12B2CB52A8D2}.Ad-Hoc|iPhoneSimulator.Build.0 = Release|Any CPU
		{71982E0D-CBA7-4A1C-BFF5-12B2CB52A8D2}.Ad-Hoc|x64.ActiveCfg = Release|Any CPU
		{71982E0D-CBA7-4A1C-BFF5-12B2CB52A8D2}.Ad-Hoc|x64.Build.0 = Release|Any CPU
		{71982E0D-CBA7-4A1C-BFF5-12B2CB52A8D2}.Ad-Hoc|x86.ActiveCfg = Release|Any CPU
		{71982E0D-CBA7-4A1C-BFF5-12B2CB52A8D2}.Ad-Hoc|x86.Build.0 = Release|Any CPU
		{71982E0D-CBA7-4A1C-BFF5-12B2CB52A8D2}.AppStore|Any CPU.ActiveCfg = Release|Any CPU
		{71982E0D-CBA7-4A1C-BFF5-12B2CB52A8D2}.AppStore|Any CPU.Build.0 = Release|Any CPU
		{71982E0D-CBA7-4A1C-BFF5-12B2CB52A8D2}.AppStore|ARM.ActiveCfg = Release|Any CPU
		{71982E0D-CBA7-4A1C-BFF5-12B2CB52A8D2}.AppStore|ARM.Build.0 = Release|Any CPU
		{71982E0D-CBA7-4A1C-BFF5-12B2CB52A8D2}.AppStore|iPhone.ActiveCfg = Release|Any CPU
		{71982E0D-CBA7-4A1C-BFF5-12B2CB52A8D2}.AppStore|iPhone.Build.0 = Release|Any CPU
		{71982E0D-CBA7-4A1C-BFF5-12B2CB52A8D2}.AppStore|iPhoneSimulator.ActiveCfg = Release|Any CPU
		{71982E0D-CBA7-4A1C-BFF5-12B2CB52A8D2}.AppStore|iPhoneSimulator.Build.0 = Release|Any CPU
		{71982E0D-CBA7-4A1C-BFF5-12B2CB52A8D2}.AppStore|x64.ActiveCfg = Release|Any CPU
		{71982E0D-CBA7-4A1C-BFF5-12B2CB52A8D2}.AppStore|x64.Build.0 = Release|Any CPU
		{71982E0D-CBA7-4A1C-BFF5-12B2CB52A8D2}.AppStore|x86.ActiveCfg = Release|Any CPU
		{71982E0D-CBA7-4A1C-BFF5-12B2CB52A8D2}.AppStore|x86.Build.0 = Release|Any CPU
		{71982E0D-CBA7-4A1C-BFF5-12B2CB52A8D2}.Debug|Any CPU.ActiveCfg = Debug|Any CPU
		{71982E0D-CBA7-4A1C-BFF5-12B2CB52A8D2}.Debug|Any CPU.Build.0 = Debug|Any CPU
		{71982E0D-CBA7-4A1C-BFF5-12B2CB52A8D2}.Debug|ARM.ActiveCfg = Debug|Any CPU
		{71982E0D-CBA7-4A1C-BFF5-12B2CB52A8D2}.Debug|ARM.Build.0 = Debug|Any CPU
		{71982E0D-CBA7-4A1C-BFF5-12B2CB52A8D2}.Debug|iPhone.ActiveCfg = Debug|Any CPU
		{71982E0D-CBA7-4A1C-BFF5-12B2CB52A8D2}.Debug|iPhone.Build.0 = Debug|Any CPU
		{71982E0D-CBA7-4A1C-BFF5-12B2CB52A8D2}.Debug|iPhoneSimulator.ActiveCfg = Debug|Any CPU
		{71982E0D-CBA7-4A1C-BFF5-12B2CB52A8D2}.Debug|iPhoneSimulator.Build.0 = Debug|Any CPU
		{71982E0D-CBA7-4A1C-BFF5-12B2CB52A8D2}.Debug|x64.ActiveCfg = Debug|Any CPU
		{71982E0D-CBA7-4A1C-BFF5-12B2CB52A8D2}.Debug|x64.Build.0 = Debug|Any CPU
		{71982E0D-CBA7-4A1C-BFF5-12B2CB52A8D2}.Debug|x86.ActiveCfg = Debug|Any CPU
		{71982E0D-CBA7-4A1C-BFF5-12B2CB52A8D2}.Debug|x86.Build.0 = Debug|Any CPU
		{71982E0D-CBA7-4A1C-BFF5-12B2CB52A8D2}.Release|Any CPU.ActiveCfg = Release|Any CPU
		{71982E0D-CBA7-4A1C-BFF5-12B2CB52A8D2}.Release|Any CPU.Build.0 = Release|Any CPU
		{71982E0D-CBA7-4A1C-BFF5-12B2CB52A8D2}.Release|ARM.ActiveCfg = Release|Any CPU
		{71982E0D-CBA7-4A1C-BFF5-12B2CB52A8D2}.Release|ARM.Build.0 = Release|Any CPU
		{71982E0D-CBA7-4A1C-BFF5-12B2CB52A8D2}.Release|iPhone.ActiveCfg = Release|Any CPU
		{71982E0D-CBA7-4A1C-BFF5-12B2CB52A8D2}.Release|iPhone.Build.0 = Release|Any CPU
		{71982E0D-CBA7-4A1C-BFF5-12B2CB52A8D2}.Release|iPhoneSimulator.ActiveCfg = Release|Any CPU
		{71982E0D-CBA7-4A1C-BFF5-12B2CB52A8D2}.Release|iPhoneSimulator.Build.0 = Release|Any CPU
		{71982E0D-CBA7-4A1C-BFF5-12B2CB52A8D2}.Release|x64.ActiveCfg = Release|Any CPU
		{71982E0D-CBA7-4A1C-BFF5-12B2CB52A8D2}.Release|x64.Build.0 = Release|Any CPU
		{71982E0D-CBA7-4A1C-BFF5-12B2CB52A8D2}.Release|x86.ActiveCfg = Release|Any CPU
		{71982E0D-CBA7-4A1C-BFF5-12B2CB52A8D2}.Release|x86.Build.0 = Release|Any CPU
		{DEB06B6B-9D2C-4CD1-A479-DF65ECAFA962}.Ad-Hoc|Any CPU.ActiveCfg = Release|Any CPU
		{DEB06B6B-9D2C-4CD1-A479-DF65ECAFA962}.Ad-Hoc|Any CPU.Build.0 = Release|Any CPU
		{DEB06B6B-9D2C-4CD1-A479-DF65ECAFA962}.Ad-Hoc|ARM.ActiveCfg = Release|Any CPU
		{DEB06B6B-9D2C-4CD1-A479-DF65ECAFA962}.Ad-Hoc|ARM.Build.0 = Release|Any CPU
		{DEB06B6B-9D2C-4CD1-A479-DF65ECAFA962}.Ad-Hoc|iPhone.ActiveCfg = Release|Any CPU
		{DEB06B6B-9D2C-4CD1-A479-DF65ECAFA962}.Ad-Hoc|iPhone.Build.0 = Release|Any CPU
		{DEB06B6B-9D2C-4CD1-A479-DF65ECAFA962}.Ad-Hoc|iPhoneSimulator.ActiveCfg = Release|Any CPU
		{DEB06B6B-9D2C-4CD1-A479-DF65ECAFA962}.Ad-Hoc|iPhoneSimulator.Build.0 = Release|Any CPU
		{DEB06B6B-9D2C-4CD1-A479-DF65ECAFA962}.Ad-Hoc|x64.ActiveCfg = Release|Any CPU
		{DEB06B6B-9D2C-4CD1-A479-DF65ECAFA962}.Ad-Hoc|x64.Build.0 = Release|Any CPU
		{DEB06B6B-9D2C-4CD1-A479-DF65ECAFA962}.Ad-Hoc|x86.ActiveCfg = Release|Any CPU
		{DEB06B6B-9D2C-4CD1-A479-DF65ECAFA962}.Ad-Hoc|x86.Build.0 = Release|Any CPU
		{DEB06B6B-9D2C-4CD1-A479-DF65ECAFA962}.AppStore|Any CPU.ActiveCfg = Release|Any CPU
		{DEB06B6B-9D2C-4CD1-A479-DF65ECAFA962}.AppStore|Any CPU.Build.0 = Release|Any CPU
		{DEB06B6B-9D2C-4CD1-A479-DF65ECAFA962}.AppStore|ARM.ActiveCfg = Release|Any CPU
		{DEB06B6B-9D2C-4CD1-A479-DF65ECAFA962}.AppStore|ARM.Build.0 = Release|Any CPU
		{DEB06B6B-9D2C-4CD1-A479-DF65ECAFA962}.AppStore|iPhone.ActiveCfg = Release|Any CPU
		{DEB06B6B-9D2C-4CD1-A479-DF65ECAFA962}.AppStore|iPhone.Build.0 = Release|Any CPU
		{DEB06B6B-9D2C-4CD1-A479-DF65ECAFA962}.AppStore|iPhoneSimulator.ActiveCfg = Release|Any CPU
		{DEB06B6B-9D2C-4CD1-A479-DF65ECAFA962}.AppStore|iPhoneSimulator.Build.0 = Release|Any CPU
		{DEB06B6B-9D2C-4CD1-A479-DF65ECAFA962}.AppStore|x64.ActiveCfg = Release|Any CPU
		{DEB06B6B-9D2C-4CD1-A479-DF65ECAFA962}.AppStore|x64.Build.0 = Release|Any CPU
		{DEB06B6B-9D2C-4CD1-A479-DF65ECAFA962}.AppStore|x86.ActiveCfg = Release|Any CPU
		{DEB06B6B-9D2C-4CD1-A479-DF65ECAFA962}.AppStore|x86.Build.0 = Release|Any CPU
		{DEB06B6B-9D2C-4CD1-A479-DF65ECAFA962}.Debug|Any CPU.ActiveCfg = Debug|Any CPU
		{DEB06B6B-9D2C-4CD1-A479-DF65ECAFA962}.Debug|Any CPU.Build.0 = Debug|Any CPU
		{DEB06B6B-9D2C-4CD1-A479-DF65ECAFA962}.Debug|ARM.ActiveCfg = Debug|Any CPU
		{DEB06B6B-9D2C-4CD1-A479-DF65ECAFA962}.Debug|ARM.Build.0 = Debug|Any CPU
		{DEB06B6B-9D2C-4CD1-A479-DF65ECAFA962}.Debug|iPhone.ActiveCfg = Debug|Any CPU
		{DEB06B6B-9D2C-4CD1-A479-DF65ECAFA962}.Debug|iPhone.Build.0 = Debug|Any CPU
		{DEB06B6B-9D2C-4CD1-A479-DF65ECAFA962}.Debug|iPhoneSimulator.ActiveCfg = Debug|Any CPU
		{DEB06B6B-9D2C-4CD1-A479-DF65ECAFA962}.Debug|iPhoneSimulator.Build.0 = Debug|Any CPU
		{DEB06B6B-9D2C-4CD1-A479-DF65ECAFA962}.Debug|x64.ActiveCfg = Debug|Any CPU
		{DEB06B6B-9D2C-4CD1-A479-DF65ECAFA962}.Debug|x64.Build.0 = Debug|Any CPU
		{DEB06B6B-9D2C-4CD1-A479-DF65ECAFA962}.Debug|x86.ActiveCfg = Debug|Any CPU
		{DEB06B6B-9D2C-4CD1-A479-DF65ECAFA962}.Debug|x86.Build.0 = Debug|Any CPU
		{DEB06B6B-9D2C-4CD1-A479-DF65ECAFA962}.Release|Any CPU.ActiveCfg = Release|Any CPU
		{DEB06B6B-9D2C-4CD1-A479-DF65ECAFA962}.Release|Any CPU.Build.0 = Release|Any CPU
		{DEB06B6B-9D2C-4CD1-A479-DF65ECAFA962}.Release|ARM.ActiveCfg = Release|Any CPU
		{DEB06B6B-9D2C-4CD1-A479-DF65ECAFA962}.Release|ARM.Build.0 = Release|Any CPU
		{DEB06B6B-9D2C-4CD1-A479-DF65ECAFA962}.Release|iPhone.ActiveCfg = Release|Any CPU
		{DEB06B6B-9D2C-4CD1-A479-DF65ECAFA962}.Release|iPhone.Build.0 = Release|Any CPU
		{DEB06B6B-9D2C-4CD1-A479-DF65ECAFA962}.Release|iPhoneSimulator.ActiveCfg = Release|Any CPU
		{DEB06B6B-9D2C-4CD1-A479-DF65ECAFA962}.Release|iPhoneSimulator.Build.0 = Release|Any CPU
		{DEB06B6B-9D2C-4CD1-A479-DF65ECAFA962}.Release|x64.ActiveCfg = Release|Any CPU
		{DEB06B6B-9D2C-4CD1-A479-DF65ECAFA962}.Release|x64.Build.0 = Release|Any CPU
		{DEB06B6B-9D2C-4CD1-A479-DF65ECAFA962}.Release|x86.ActiveCfg = Release|Any CPU
		{DEB06B6B-9D2C-4CD1-A479-DF65ECAFA962}.Release|x86.Build.0 = Release|Any CPU
		{6D00A28B-72DF-43E7-AE15-4CD00AD62621}.Ad-Hoc|Any CPU.ActiveCfg = Release|Any CPU
		{6D00A28B-72DF-43E7-AE15-4CD00AD62621}.Ad-Hoc|Any CPU.Build.0 = Release|Any CPU
		{6D00A28B-72DF-43E7-AE15-4CD00AD62621}.Ad-Hoc|ARM.ActiveCfg = Release|Any CPU
		{6D00A28B-72DF-43E7-AE15-4CD00AD62621}.Ad-Hoc|ARM.Build.0 = Release|Any CPU
		{6D00A28B-72DF-43E7-AE15-4CD00AD62621}.Ad-Hoc|iPhone.ActiveCfg = Release|Any CPU
		{6D00A28B-72DF-43E7-AE15-4CD00AD62621}.Ad-Hoc|iPhone.Build.0 = Release|Any CPU
		{6D00A28B-72DF-43E7-AE15-4CD00AD62621}.Ad-Hoc|iPhoneSimulator.ActiveCfg = Release|Any CPU
		{6D00A28B-72DF-43E7-AE15-4CD00AD62621}.Ad-Hoc|iPhoneSimulator.Build.0 = Release|Any CPU
		{6D00A28B-72DF-43E7-AE15-4CD00AD62621}.Ad-Hoc|x64.ActiveCfg = Release|Any CPU
		{6D00A28B-72DF-43E7-AE15-4CD00AD62621}.Ad-Hoc|x64.Build.0 = Release|Any CPU
		{6D00A28B-72DF-43E7-AE15-4CD00AD62621}.Ad-Hoc|x86.ActiveCfg = Release|Any CPU
		{6D00A28B-72DF-43E7-AE15-4CD00AD62621}.Ad-Hoc|x86.Build.0 = Release|Any CPU
		{6D00A28B-72DF-43E7-AE15-4CD00AD62621}.AppStore|Any CPU.ActiveCfg = Release|Any CPU
		{6D00A28B-72DF-43E7-AE15-4CD00AD62621}.AppStore|Any CPU.Build.0 = Release|Any CPU
		{6D00A28B-72DF-43E7-AE15-4CD00AD62621}.AppStore|ARM.ActiveCfg = Release|Any CPU
		{6D00A28B-72DF-43E7-AE15-4CD00AD62621}.AppStore|ARM.Build.0 = Release|Any CPU
		{6D00A28B-72DF-43E7-AE15-4CD00AD62621}.AppStore|iPhone.ActiveCfg = Release|Any CPU
		{6D00A28B-72DF-43E7-AE15-4CD00AD62621}.AppStore|iPhone.Build.0 = Release|Any CPU
		{6D00A28B-72DF-43E7-AE15-4CD00AD62621}.AppStore|iPhoneSimulator.ActiveCfg = Release|Any CPU
		{6D00A28B-72DF-43E7-AE15-4CD00AD62621}.AppStore|iPhoneSimulator.Build.0 = Release|Any CPU
		{6D00A28B-72DF-43E7-AE15-4CD00AD62621}.AppStore|x64.ActiveCfg = Release|Any CPU
		{6D00A28B-72DF-43E7-AE15-4CD00AD62621}.AppStore|x64.Build.0 = Release|Any CPU
		{6D00A28B-72DF-43E7-AE15-4CD00AD62621}.AppStore|x86.ActiveCfg = Release|Any CPU
		{6D00A28B-72DF-43E7-AE15-4CD00AD62621}.AppStore|x86.Build.0 = Release|Any CPU
		{6D00A28B-72DF-43E7-AE15-4CD00AD62621}.Debug|Any CPU.ActiveCfg = Debug|Any CPU
		{6D00A28B-72DF-43E7-AE15-4CD00AD62621}.Debug|Any CPU.Build.0 = Debug|Any CPU
		{6D00A28B-72DF-43E7-AE15-4CD00AD62621}.Debug|ARM.ActiveCfg = Debug|Any CPU
		{6D00A28B-72DF-43E7-AE15-4CD00AD62621}.Debug|ARM.Build.0 = Debug|Any CPU
		{6D00A28B-72DF-43E7-AE15-4CD00AD62621}.Debug|iPhone.ActiveCfg = Debug|Any CPU
		{6D00A28B-72DF-43E7-AE15-4CD00AD62621}.Debug|iPhone.Build.0 = Debug|Any CPU
		{6D00A28B-72DF-43E7-AE15-4CD00AD62621}.Debug|iPhoneSimulator.ActiveCfg = Debug|Any CPU
		{6D00A28B-72DF-43E7-AE15-4CD00AD62621}.Debug|iPhoneSimulator.Build.0 = Debug|Any CPU
		{6D00A28B-72DF-43E7-AE15-4CD00AD62621}.Debug|x64.ActiveCfg = Debug|Any CPU
		{6D00A28B-72DF-43E7-AE15-4CD00AD62621}.Debug|x64.Build.0 = Debug|Any CPU
		{6D00A28B-72DF-43E7-AE15-4CD00AD62621}.Debug|x86.ActiveCfg = Debug|Any CPU
		{6D00A28B-72DF-43E7-AE15-4CD00AD62621}.Debug|x86.Build.0 = Debug|Any CPU
		{6D00A28B-72DF-43E7-AE15-4CD00AD62621}.Release|Any CPU.ActiveCfg = Release|Any CPU
		{6D00A28B-72DF-43E7-AE15-4CD00AD62621}.Release|Any CPU.Build.0 = Release|Any CPU
		{6D00A28B-72DF-43E7-AE15-4CD00AD62621}.Release|ARM.ActiveCfg = Release|Any CPU
		{6D00A28B-72DF-43E7-AE15-4CD00AD62621}.Release|ARM.Build.0 = Release|Any CPU
		{6D00A28B-72DF-43E7-AE15-4CD00AD62621}.Release|iPhone.ActiveCfg = Release|Any CPU
		{6D00A28B-72DF-43E7-AE15-4CD00AD62621}.Release|iPhone.Build.0 = Release|Any CPU
		{6D00A28B-72DF-43E7-AE15-4CD00AD62621}.Release|iPhoneSimulator.ActiveCfg = Release|Any CPU
		{6D00A28B-72DF-43E7-AE15-4CD00AD62621}.Release|iPhoneSimulator.Build.0 = Release|Any CPU
		{6D00A28B-72DF-43E7-AE15-4CD00AD62621}.Release|x64.ActiveCfg = Release|Any CPU
		{6D00A28B-72DF-43E7-AE15-4CD00AD62621}.Release|x64.Build.0 = Release|Any CPU
		{6D00A28B-72DF-43E7-AE15-4CD00AD62621}.Release|x86.ActiveCfg = Release|Any CPU
		{6D00A28B-72DF-43E7-AE15-4CD00AD62621}.Release|x86.Build.0 = Release|Any CPU
		{1C2FD418-3D6D-475F-A352-C6A4F54818AA}.Ad-Hoc|Any CPU.ActiveCfg = Release|Any CPU
		{1C2FD418-3D6D-475F-A352-C6A4F54818AA}.Ad-Hoc|Any CPU.Build.0 = Release|Any CPU
		{1C2FD418-3D6D-475F-A352-C6A4F54818AA}.Ad-Hoc|ARM.ActiveCfg = Release|Any CPU
		{1C2FD418-3D6D-475F-A352-C6A4F54818AA}.Ad-Hoc|ARM.Build.0 = Release|Any CPU
		{1C2FD418-3D6D-475F-A352-C6A4F54818AA}.Ad-Hoc|iPhone.ActiveCfg = Release|Any CPU
		{1C2FD418-3D6D-475F-A352-C6A4F54818AA}.Ad-Hoc|iPhone.Build.0 = Release|Any CPU
		{1C2FD418-3D6D-475F-A352-C6A4F54818AA}.Ad-Hoc|iPhoneSimulator.ActiveCfg = Release|Any CPU
		{1C2FD418-3D6D-475F-A352-C6A4F54818AA}.Ad-Hoc|iPhoneSimulator.Build.0 = Release|Any CPU
		{1C2FD418-3D6D-475F-A352-C6A4F54818AA}.Ad-Hoc|x64.ActiveCfg = Release|Any CPU
		{1C2FD418-3D6D-475F-A352-C6A4F54818AA}.Ad-Hoc|x64.Build.0 = Release|Any CPU
		{1C2FD418-3D6D-475F-A352-C6A4F54818AA}.Ad-Hoc|x86.ActiveCfg = Release|Any CPU
		{1C2FD418-3D6D-475F-A352-C6A4F54818AA}.Ad-Hoc|x86.Build.0 = Release|Any CPU
		{1C2FD418-3D6D-475F-A352-C6A4F54818AA}.AppStore|Any CPU.ActiveCfg = Release|Any CPU
		{1C2FD418-3D6D-475F-A352-C6A4F54818AA}.AppStore|Any CPU.Build.0 = Release|Any CPU
		{1C2FD418-3D6D-475F-A352-C6A4F54818AA}.AppStore|ARM.ActiveCfg = Release|Any CPU
		{1C2FD418-3D6D-475F-A352-C6A4F54818AA}.AppStore|ARM.Build.0 = Release|Any CPU
		{1C2FD418-3D6D-475F-A352-C6A4F54818AA}.AppStore|iPhone.ActiveCfg = Release|Any CPU
		{1C2FD418-3D6D-475F-A352-C6A4F54818AA}.AppStore|iPhone.Build.0 = Release|Any CPU
		{1C2FD418-3D6D-475F-A352-C6A4F54818AA}.AppStore|iPhoneSimulator.ActiveCfg = Release|Any CPU
		{1C2FD418-3D6D-475F-A352-C6A4F54818AA}.AppStore|iPhoneSimulator.Build.0 = Release|Any CPU
		{1C2FD418-3D6D-475F-A352-C6A4F54818AA}.AppStore|x64.ActiveCfg = Release|Any CPU
		{1C2FD418-3D6D-475F-A352-C6A4F54818AA}.AppStore|x64.Build.0 = Release|Any CPU
		{1C2FD418-3D6D-475F-A352-C6A4F54818AA}.AppStore|x86.ActiveCfg = Release|Any CPU
		{1C2FD418-3D6D-475F-A352-C6A4F54818AA}.AppStore|x86.Build.0 = Release|Any CPU
		{1C2FD418-3D6D-475F-A352-C6A4F54818AA}.Debug|Any CPU.ActiveCfg = Debug|Any CPU
		{1C2FD418-3D6D-475F-A352-C6A4F54818AA}.Debug|Any CPU.Build.0 = Debug|Any CPU
		{1C2FD418-3D6D-475F-A352-C6A4F54818AA}.Debug|ARM.ActiveCfg = Debug|Any CPU
		{1C2FD418-3D6D-475F-A352-C6A4F54818AA}.Debug|ARM.Build.0 = Debug|Any CPU
		{1C2FD418-3D6D-475F-A352-C6A4F54818AA}.Debug|iPhone.ActiveCfg = Debug|Any CPU
		{1C2FD418-3D6D-475F-A352-C6A4F54818AA}.Debug|iPhone.Build.0 = Debug|Any CPU
		{1C2FD418-3D6D-475F-A352-C6A4F54818AA}.Debug|iPhoneSimulator.ActiveCfg = Debug|Any CPU
		{1C2FD418-3D6D-475F-A352-C6A4F54818AA}.Debug|iPhoneSimulator.Build.0 = Debug|Any CPU
		{1C2FD418-3D6D-475F-A352-C6A4F54818AA}.Debug|x64.ActiveCfg = Debug|Any CPU
		{1C2FD418-3D6D-475F-A352-C6A4F54818AA}.Debug|x64.Build.0 = Debug|Any CPU
		{1C2FD418-3D6D-475F-A352-C6A4F54818AA}.Debug|x86.ActiveCfg = Debug|Any CPU
		{1C2FD418-3D6D-475F-A352-C6A4F54818AA}.Debug|x86.Build.0 = Debug|Any CPU
		{1C2FD418-3D6D-475F-A352-C6A4F54818AA}.Release|Any CPU.ActiveCfg = Release|Any CPU
		{1C2FD418-3D6D-475F-A352-C6A4F54818AA}.Release|Any CPU.Build.0 = Release|Any CPU
		{1C2FD418-3D6D-475F-A352-C6A4F54818AA}.Release|ARM.ActiveCfg = Release|Any CPU
		{1C2FD418-3D6D-475F-A352-C6A4F54818AA}.Release|ARM.Build.0 = Release|Any CPU
		{1C2FD418-3D6D-475F-A352-C6A4F54818AA}.Release|iPhone.ActiveCfg = Release|Any CPU
		{1C2FD418-3D6D-475F-A352-C6A4F54818AA}.Release|iPhone.Build.0 = Release|Any CPU
		{1C2FD418-3D6D-475F-A352-C6A4F54818AA}.Release|iPhoneSimulator.ActiveCfg = Release|Any CPU
		{1C2FD418-3D6D-475F-A352-C6A4F54818AA}.Release|iPhoneSimulator.Build.0 = Release|Any CPU
		{1C2FD418-3D6D-475F-A352-C6A4F54818AA}.Release|x64.ActiveCfg = Release|Any CPU
		{1C2FD418-3D6D-475F-A352-C6A4F54818AA}.Release|x64.Build.0 = Release|Any CPU
		{1C2FD418-3D6D-475F-A352-C6A4F54818AA}.Release|x86.ActiveCfg = Release|Any CPU
		{1C2FD418-3D6D-475F-A352-C6A4F54818AA}.Release|x86.Build.0 = Release|Any CPU
		{B141C91C-D554-4AC7-84D6-0D03B7F2DD87}.Ad-Hoc|Any CPU.ActiveCfg = Release|Any CPU
		{B141C91C-D554-4AC7-84D6-0D03B7F2DD87}.Ad-Hoc|Any CPU.Build.0 = Release|Any CPU
		{B141C91C-D554-4AC7-84D6-0D03B7F2DD87}.Ad-Hoc|ARM.ActiveCfg = Release|Any CPU
		{B141C91C-D554-4AC7-84D6-0D03B7F2DD87}.Ad-Hoc|ARM.Build.0 = Release|Any CPU
		{B141C91C-D554-4AC7-84D6-0D03B7F2DD87}.Ad-Hoc|iPhone.ActiveCfg = Release|Any CPU
		{B141C91C-D554-4AC7-84D6-0D03B7F2DD87}.Ad-Hoc|iPhone.Build.0 = Release|Any CPU
		{B141C91C-D554-4AC7-84D6-0D03B7F2DD87}.Ad-Hoc|iPhoneSimulator.ActiveCfg = Release|Any CPU
		{B141C91C-D554-4AC7-84D6-0D03B7F2DD87}.Ad-Hoc|iPhoneSimulator.Build.0 = Release|Any CPU
		{B141C91C-D554-4AC7-84D6-0D03B7F2DD87}.Ad-Hoc|x64.ActiveCfg = Release|Any CPU
		{B141C91C-D554-4AC7-84D6-0D03B7F2DD87}.Ad-Hoc|x64.Build.0 = Release|Any CPU
		{B141C91C-D554-4AC7-84D6-0D03B7F2DD87}.Ad-Hoc|x86.ActiveCfg = Release|Any CPU
		{B141C91C-D554-4AC7-84D6-0D03B7F2DD87}.Ad-Hoc|x86.Build.0 = Release|Any CPU
		{B141C91C-D554-4AC7-84D6-0D03B7F2DD87}.AppStore|Any CPU.ActiveCfg = Release|Any CPU
		{B141C91C-D554-4AC7-84D6-0D03B7F2DD87}.AppStore|Any CPU.Build.0 = Release|Any CPU
		{B141C91C-D554-4AC7-84D6-0D03B7F2DD87}.AppStore|ARM.ActiveCfg = Release|Any CPU
		{B141C91C-D554-4AC7-84D6-0D03B7F2DD87}.AppStore|ARM.Build.0 = Release|Any CPU
		{B141C91C-D554-4AC7-84D6-0D03B7F2DD87}.AppStore|iPhone.ActiveCfg = Release|Any CPU
		{B141C91C-D554-4AC7-84D6-0D03B7F2DD87}.AppStore|iPhone.Build.0 = Release|Any CPU
		{B141C91C-D554-4AC7-84D6-0D03B7F2DD87}.AppStore|iPhoneSimulator.ActiveCfg = Release|Any CPU
		{B141C91C-D554-4AC7-84D6-0D03B7F2DD87}.AppStore|iPhoneSimulator.Build.0 = Release|Any CPU
		{B141C91C-D554-4AC7-84D6-0D03B7F2DD87}.AppStore|x64.ActiveCfg = Release|Any CPU
		{B141C91C-D554-4AC7-84D6-0D03B7F2DD87}.AppStore|x64.Build.0 = Release|Any CPU
		{B141C91C-D554-4AC7-84D6-0D03B7F2DD87}.AppStore|x86.ActiveCfg = Release|Any CPU
		{B141C91C-D554-4AC7-84D6-0D03B7F2DD87}.AppStore|x86.Build.0 = Release|Any CPU
		{B141C91C-D554-4AC7-84D6-0D03B7F2DD87}.Debug|Any CPU.ActiveCfg = Debug|Any CPU
		{B141C91C-D554-4AC7-84D6-0D03B7F2DD87}.Debug|Any CPU.Build.0 = Debug|Any CPU
		{B141C91C-D554-4AC7-84D6-0D03B7F2DD87}.Debug|ARM.ActiveCfg = Debug|Any CPU
		{B141C91C-D554-4AC7-84D6-0D03B7F2DD87}.Debug|ARM.Build.0 = Debug|Any CPU
		{B141C91C-D554-4AC7-84D6-0D03B7F2DD87}.Debug|iPhone.ActiveCfg = Debug|Any CPU
		{B141C91C-D554-4AC7-84D6-0D03B7F2DD87}.Debug|iPhone.Build.0 = Debug|Any CPU
		{B141C91C-D554-4AC7-84D6-0D03B7F2DD87}.Debug|iPhoneSimulator.ActiveCfg = Debug|Any CPU
		{B141C91C-D554-4AC7-84D6-0D03B7F2DD87}.Debug|iPhoneSimulator.Build.0 = Debug|Any CPU
		{B141C91C-D554-4AC7-84D6-0D03B7F2DD87}.Debug|x64.ActiveCfg = Debug|Any CPU
		{B141C91C-D554-4AC7-84D6-0D03B7F2DD87}.Debug|x64.Build.0 = Debug|Any CPU
		{B141C91C-D554-4AC7-84D6-0D03B7F2DD87}.Debug|x86.ActiveCfg = Debug|Any CPU
		{B141C91C-D554-4AC7-84D6-0D03B7F2DD87}.Debug|x86.Build.0 = Debug|Any CPU
		{B141C91C-D554-4AC7-84D6-0D03B7F2DD87}.Release|Any CPU.ActiveCfg = Release|Any CPU
		{B141C91C-D554-4AC7-84D6-0D03B7F2DD87}.Release|Any CPU.Build.0 = Release|Any CPU
		{B141C91C-D554-4AC7-84D6-0D03B7F2DD87}.Release|ARM.ActiveCfg = Release|Any CPU
		{B141C91C-D554-4AC7-84D6-0D03B7F2DD87}.Release|ARM.Build.0 = Release|Any CPU
		{B141C91C-D554-4AC7-84D6-0D03B7F2DD87}.Release|iPhone.ActiveCfg = Release|Any CPU
		{B141C91C-D554-4AC7-84D6-0D03B7F2DD87}.Release|iPhone.Build.0 = Release|Any CPU
		{B141C91C-D554-4AC7-84D6-0D03B7F2DD87}.Release|iPhoneSimulator.ActiveCfg = Release|Any CPU
		{B141C91C-D554-4AC7-84D6-0D03B7F2DD87}.Release|iPhoneSimulator.Build.0 = Release|Any CPU
		{B141C91C-D554-4AC7-84D6-0D03B7F2DD87}.Release|x64.ActiveCfg = Release|Any CPU
		{B141C91C-D554-4AC7-84D6-0D03B7F2DD87}.Release|x64.Build.0 = Release|Any CPU
		{B141C91C-D554-4AC7-84D6-0D03B7F2DD87}.Release|x86.ActiveCfg = Release|Any CPU
		{B141C91C-D554-4AC7-84D6-0D03B7F2DD87}.Release|x86.Build.0 = Release|Any CPU
		{CD22C543-B51F-493E-BE9D-14BB117DFBAC}.Ad-Hoc|Any CPU.ActiveCfg = Release|Any CPU
		{CD22C543-B51F-493E-BE9D-14BB117DFBAC}.Ad-Hoc|Any CPU.Build.0 = Release|Any CPU
		{CD22C543-B51F-493E-BE9D-14BB117DFBAC}.Ad-Hoc|ARM.ActiveCfg = Release|Any CPU
		{CD22C543-B51F-493E-BE9D-14BB117DFBAC}.Ad-Hoc|ARM.Build.0 = Release|Any CPU
		{CD22C543-B51F-493E-BE9D-14BB117DFBAC}.Ad-Hoc|iPhone.ActiveCfg = Release|Any CPU
		{CD22C543-B51F-493E-BE9D-14BB117DFBAC}.Ad-Hoc|iPhone.Build.0 = Release|Any CPU
		{CD22C543-B51F-493E-BE9D-14BB117DFBAC}.Ad-Hoc|iPhoneSimulator.ActiveCfg = Release|Any CPU
		{CD22C543-B51F-493E-BE9D-14BB117DFBAC}.Ad-Hoc|iPhoneSimulator.Build.0 = Release|Any CPU
		{CD22C543-B51F-493E-BE9D-14BB117DFBAC}.Ad-Hoc|x64.ActiveCfg = Release|Any CPU
		{CD22C543-B51F-493E-BE9D-14BB117DFBAC}.Ad-Hoc|x64.Build.0 = Release|Any CPU
		{CD22C543-B51F-493E-BE9D-14BB117DFBAC}.Ad-Hoc|x86.ActiveCfg = Release|Any CPU
		{CD22C543-B51F-493E-BE9D-14BB117DFBAC}.Ad-Hoc|x86.Build.0 = Release|Any CPU
		{CD22C543-B51F-493E-BE9D-14BB117DFBAC}.AppStore|Any CPU.ActiveCfg = Release|Any CPU
		{CD22C543-B51F-493E-BE9D-14BB117DFBAC}.AppStore|Any CPU.Build.0 = Release|Any CPU
		{CD22C543-B51F-493E-BE9D-14BB117DFBAC}.AppStore|ARM.ActiveCfg = Release|Any CPU
		{CD22C543-B51F-493E-BE9D-14BB117DFBAC}.AppStore|ARM.Build.0 = Release|Any CPU
		{CD22C543-B51F-493E-BE9D-14BB117DFBAC}.AppStore|iPhone.ActiveCfg = Release|Any CPU
		{CD22C543-B51F-493E-BE9D-14BB117DFBAC}.AppStore|iPhone.Build.0 = Release|Any CPU
		{CD22C543-B51F-493E-BE9D-14BB117DFBAC}.AppStore|iPhoneSimulator.ActiveCfg = Release|Any CPU
		{CD22C543-B51F-493E-BE9D-14BB117DFBAC}.AppStore|iPhoneSimulator.Build.0 = Release|Any CPU
		{CD22C543-B51F-493E-BE9D-14BB117DFBAC}.AppStore|x64.ActiveCfg = Release|Any CPU
		{CD22C543-B51F-493E-BE9D-14BB117DFBAC}.AppStore|x64.Build.0 = Release|Any CPU
		{CD22C543-B51F-493E-BE9D-14BB117DFBAC}.AppStore|x86.ActiveCfg = Release|Any CPU
		{CD22C543-B51F-493E-BE9D-14BB117DFBAC}.AppStore|x86.Build.0 = Release|Any CPU
		{CD22C543-B51F-493E-BE9D-14BB117DFBAC}.Debug|Any CPU.ActiveCfg = Debug|Any CPU
		{CD22C543-B51F-493E-BE9D-14BB117DFBAC}.Debug|Any CPU.Build.0 = Debug|Any CPU
		{CD22C543-B51F-493E-BE9D-14BB117DFBAC}.Debug|ARM.ActiveCfg = Debug|Any CPU
		{CD22C543-B51F-493E-BE9D-14BB117DFBAC}.Debug|ARM.Build.0 = Debug|Any CPU
		{CD22C543-B51F-493E-BE9D-14BB117DFBAC}.Debug|iPhone.ActiveCfg = Debug|Any CPU
		{CD22C543-B51F-493E-BE9D-14BB117DFBAC}.Debug|iPhone.Build.0 = Debug|Any CPU
		{CD22C543-B51F-493E-BE9D-14BB117DFBAC}.Debug|iPhoneSimulator.ActiveCfg = Debug|Any CPU
		{CD22C543-B51F-493E-BE9D-14BB117DFBAC}.Debug|iPhoneSimulator.Build.0 = Debug|Any CPU
		{CD22C543-B51F-493E-BE9D-14BB117DFBAC}.Debug|x64.ActiveCfg = Debug|Any CPU
		{CD22C543-B51F-493E-BE9D-14BB117DFBAC}.Debug|x64.Build.0 = Debug|Any CPU
		{CD22C543-B51F-493E-BE9D-14BB117DFBAC}.Debug|x86.ActiveCfg = Debug|Any CPU
		{CD22C543-B51F-493E-BE9D-14BB117DFBAC}.Debug|x86.Build.0 = Debug|Any CPU
		{CD22C543-B51F-493E-BE9D-14BB117DFBAC}.Release|Any CPU.ActiveCfg = Release|Any CPU
		{CD22C543-B51F-493E-BE9D-14BB117DFBAC}.Release|Any CPU.Build.0 = Release|Any CPU
		{CD22C543-B51F-493E-BE9D-14BB117DFBAC}.Release|ARM.ActiveCfg = Release|Any CPU
		{CD22C543-B51F-493E-BE9D-14BB117DFBAC}.Release|ARM.Build.0 = Release|Any CPU
		{CD22C543-B51F-493E-BE9D-14BB117DFBAC}.Release|iPhone.ActiveCfg = Release|Any CPU
		{CD22C543-B51F-493E-BE9D-14BB117DFBAC}.Release|iPhone.Build.0 = Release|Any CPU
		{CD22C543-B51F-493E-BE9D-14BB117DFBAC}.Release|iPhoneSimulator.ActiveCfg = Release|Any CPU
		{CD22C543-B51F-493E-BE9D-14BB117DFBAC}.Release|iPhoneSimulator.Build.0 = Release|Any CPU
		{CD22C543-B51F-493E-BE9D-14BB117DFBAC}.Release|x64.ActiveCfg = Release|Any CPU
		{CD22C543-B51F-493E-BE9D-14BB117DFBAC}.Release|x64.Build.0 = Release|Any CPU
		{CD22C543-B51F-493E-BE9D-14BB117DFBAC}.Release|x86.ActiveCfg = Release|Any CPU
		{CD22C543-B51F-493E-BE9D-14BB117DFBAC}.Release|x86.Build.0 = Release|Any CPU
		{FC97B6ED-1306-4FE6-9989-EF6BA17DDE64}.Ad-Hoc|Any CPU.ActiveCfg = Release|Any CPU
		{FC97B6ED-1306-4FE6-9989-EF6BA17DDE64}.Ad-Hoc|Any CPU.Build.0 = Release|Any CPU
		{FC97B6ED-1306-4FE6-9989-EF6BA17DDE64}.Ad-Hoc|ARM.ActiveCfg = Release|Any CPU
		{FC97B6ED-1306-4FE6-9989-EF6BA17DDE64}.Ad-Hoc|ARM.Build.0 = Release|Any CPU
		{FC97B6ED-1306-4FE6-9989-EF6BA17DDE64}.Ad-Hoc|iPhone.ActiveCfg = Release|Any CPU
		{FC97B6ED-1306-4FE6-9989-EF6BA17DDE64}.Ad-Hoc|iPhone.Build.0 = Release|Any CPU
		{FC97B6ED-1306-4FE6-9989-EF6BA17DDE64}.Ad-Hoc|iPhoneSimulator.ActiveCfg = Release|Any CPU
		{FC97B6ED-1306-4FE6-9989-EF6BA17DDE64}.Ad-Hoc|iPhoneSimulator.Build.0 = Release|Any CPU
		{FC97B6ED-1306-4FE6-9989-EF6BA17DDE64}.Ad-Hoc|x64.ActiveCfg = Release|Any CPU
		{FC97B6ED-1306-4FE6-9989-EF6BA17DDE64}.Ad-Hoc|x64.Build.0 = Release|Any CPU
		{FC97B6ED-1306-4FE6-9989-EF6BA17DDE64}.Ad-Hoc|x86.ActiveCfg = Release|Any CPU
		{FC97B6ED-1306-4FE6-9989-EF6BA17DDE64}.Ad-Hoc|x86.Build.0 = Release|Any CPU
		{FC97B6ED-1306-4FE6-9989-EF6BA17DDE64}.AppStore|Any CPU.ActiveCfg = Release|Any CPU
		{FC97B6ED-1306-4FE6-9989-EF6BA17DDE64}.AppStore|Any CPU.Build.0 = Release|Any CPU
		{FC97B6ED-1306-4FE6-9989-EF6BA17DDE64}.AppStore|ARM.ActiveCfg = Release|Any CPU
		{FC97B6ED-1306-4FE6-9989-EF6BA17DDE64}.AppStore|ARM.Build.0 = Release|Any CPU
		{FC97B6ED-1306-4FE6-9989-EF6BA17DDE64}.AppStore|iPhone.ActiveCfg = Release|Any CPU
		{FC97B6ED-1306-4FE6-9989-EF6BA17DDE64}.AppStore|iPhone.Build.0 = Release|Any CPU
		{FC97B6ED-1306-4FE6-9989-EF6BA17DDE64}.AppStore|iPhoneSimulator.ActiveCfg = Release|Any CPU
		{FC97B6ED-1306-4FE6-9989-EF6BA17DDE64}.AppStore|iPhoneSimulator.Build.0 = Release|Any CPU
		{FC97B6ED-1306-4FE6-9989-EF6BA17DDE64}.AppStore|x64.ActiveCfg = Release|Any CPU
		{FC97B6ED-1306-4FE6-9989-EF6BA17DDE64}.AppStore|x64.Build.0 = Release|Any CPU
		{FC97B6ED-1306-4FE6-9989-EF6BA17DDE64}.AppStore|x86.ActiveCfg = Release|Any CPU
		{FC97B6ED-1306-4FE6-9989-EF6BA17DDE64}.AppStore|x86.Build.0 = Release|Any CPU
		{FC97B6ED-1306-4FE6-9989-EF6BA17DDE64}.Debug|Any CPU.ActiveCfg = Debug|Any CPU
		{FC97B6ED-1306-4FE6-9989-EF6BA17DDE64}.Debug|Any CPU.Build.0 = Debug|Any CPU
		{FC97B6ED-1306-4FE6-9989-EF6BA17DDE64}.Debug|ARM.ActiveCfg = Debug|Any CPU
		{FC97B6ED-1306-4FE6-9989-EF6BA17DDE64}.Debug|ARM.Build.0 = Debug|Any CPU
		{FC97B6ED-1306-4FE6-9989-EF6BA17DDE64}.Debug|iPhone.ActiveCfg = Debug|Any CPU
		{FC97B6ED-1306-4FE6-9989-EF6BA17DDE64}.Debug|iPhone.Build.0 = Debug|Any CPU
		{FC97B6ED-1306-4FE6-9989-EF6BA17DDE64}.Debug|iPhoneSimulator.ActiveCfg = Debug|Any CPU
		{FC97B6ED-1306-4FE6-9989-EF6BA17DDE64}.Debug|iPhoneSimulator.Build.0 = Debug|Any CPU
		{FC97B6ED-1306-4FE6-9989-EF6BA17DDE64}.Debug|x64.ActiveCfg = Debug|Any CPU
		{FC97B6ED-1306-4FE6-9989-EF6BA17DDE64}.Debug|x64.Build.0 = Debug|Any CPU
		{FC97B6ED-1306-4FE6-9989-EF6BA17DDE64}.Debug|x86.ActiveCfg = Debug|Any CPU
		{FC97B6ED-1306-4FE6-9989-EF6BA17DDE64}.Debug|x86.Build.0 = Debug|Any CPU
		{FC97B6ED-1306-4FE6-9989-EF6BA17DDE64}.Release|Any CPU.ActiveCfg = Release|Any CPU
		{FC97B6ED-1306-4FE6-9989-EF6BA17DDE64}.Release|Any CPU.Build.0 = Release|Any CPU
		{FC97B6ED-1306-4FE6-9989-EF6BA17DDE64}.Release|ARM.ActiveCfg = Release|Any CPU
		{FC97B6ED-1306-4FE6-9989-EF6BA17DDE64}.Release|ARM.Build.0 = Release|Any CPU
		{FC97B6ED-1306-4FE6-9989-EF6BA17DDE64}.Release|iPhone.ActiveCfg = Release|Any CPU
		{FC97B6ED-1306-4FE6-9989-EF6BA17DDE64}.Release|iPhone.Build.0 = Release|Any CPU
		{FC97B6ED-1306-4FE6-9989-EF6BA17DDE64}.Release|iPhoneSimulator.ActiveCfg = Release|Any CPU
		{FC97B6ED-1306-4FE6-9989-EF6BA17DDE64}.Release|iPhoneSimulator.Build.0 = Release|Any CPU
		{FC97B6ED-1306-4FE6-9989-EF6BA17DDE64}.Release|x64.ActiveCfg = Release|Any CPU
		{FC97B6ED-1306-4FE6-9989-EF6BA17DDE64}.Release|x64.Build.0 = Release|Any CPU
		{FC97B6ED-1306-4FE6-9989-EF6BA17DDE64}.Release|x86.ActiveCfg = Release|Any CPU
		{FC97B6ED-1306-4FE6-9989-EF6BA17DDE64}.Release|x86.Build.0 = Release|Any CPU
		{0AD20DF9-57F2-4382-875D-60FBA45ED6C7}.Ad-Hoc|Any CPU.ActiveCfg = Release|Any CPU
		{0AD20DF9-57F2-4382-875D-60FBA45ED6C7}.Ad-Hoc|Any CPU.Build.0 = Release|Any CPU
		{0AD20DF9-57F2-4382-875D-60FBA45ED6C7}.Ad-Hoc|ARM.ActiveCfg = Release|Any CPU
		{0AD20DF9-57F2-4382-875D-60FBA45ED6C7}.Ad-Hoc|ARM.Build.0 = Release|Any CPU
		{0AD20DF9-57F2-4382-875D-60FBA45ED6C7}.Ad-Hoc|iPhone.ActiveCfg = Release|Any CPU
		{0AD20DF9-57F2-4382-875D-60FBA45ED6C7}.Ad-Hoc|iPhone.Build.0 = Release|Any CPU
		{0AD20DF9-57F2-4382-875D-60FBA45ED6C7}.Ad-Hoc|iPhoneSimulator.ActiveCfg = Release|Any CPU
		{0AD20DF9-57F2-4382-875D-60FBA45ED6C7}.Ad-Hoc|iPhoneSimulator.Build.0 = Release|Any CPU
		{0AD20DF9-57F2-4382-875D-60FBA45ED6C7}.Ad-Hoc|x64.ActiveCfg = Release|Any CPU
		{0AD20DF9-57F2-4382-875D-60FBA45ED6C7}.Ad-Hoc|x64.Build.0 = Release|Any CPU
		{0AD20DF9-57F2-4382-875D-60FBA45ED6C7}.Ad-Hoc|x86.ActiveCfg = Release|Any CPU
		{0AD20DF9-57F2-4382-875D-60FBA45ED6C7}.Ad-Hoc|x86.Build.0 = Release|Any CPU
		{0AD20DF9-57F2-4382-875D-60FBA45ED6C7}.AppStore|Any CPU.ActiveCfg = Release|Any CPU
		{0AD20DF9-57F2-4382-875D-60FBA45ED6C7}.AppStore|Any CPU.Build.0 = Release|Any CPU
		{0AD20DF9-57F2-4382-875D-60FBA45ED6C7}.AppStore|ARM.ActiveCfg = Release|Any CPU
		{0AD20DF9-57F2-4382-875D-60FBA45ED6C7}.AppStore|ARM.Build.0 = Release|Any CPU
		{0AD20DF9-57F2-4382-875D-60FBA45ED6C7}.AppStore|iPhone.ActiveCfg = Release|Any CPU
		{0AD20DF9-57F2-4382-875D-60FBA45ED6C7}.AppStore|iPhone.Build.0 = Release|Any CPU
		{0AD20DF9-57F2-4382-875D-60FBA45ED6C7}.AppStore|iPhoneSimulator.ActiveCfg = Release|Any CPU
		{0AD20DF9-57F2-4382-875D-60FBA45ED6C7}.AppStore|iPhoneSimulator.Build.0 = Release|Any CPU
		{0AD20DF9-57F2-4382-875D-60FBA45ED6C7}.AppStore|x64.ActiveCfg = Release|Any CPU
		{0AD20DF9-57F2-4382-875D-60FBA45ED6C7}.AppStore|x64.Build.0 = Release|Any CPU
		{0AD20DF9-57F2-4382-875D-60FBA45ED6C7}.AppStore|x86.ActiveCfg = Release|Any CPU
		{0AD20DF9-57F2-4382-875D-60FBA45ED6C7}.AppStore|x86.Build.0 = Release|Any CPU
		{0AD20DF9-57F2-4382-875D-60FBA45ED6C7}.Debug|Any CPU.ActiveCfg = Debug|Any CPU
		{0AD20DF9-57F2-4382-875D-60FBA45ED6C7}.Debug|Any CPU.Build.0 = Debug|Any CPU
		{0AD20DF9-57F2-4382-875D-60FBA45ED6C7}.Debug|ARM.ActiveCfg = Debug|Any CPU
		{0AD20DF9-57F2-4382-875D-60FBA45ED6C7}.Debug|ARM.Build.0 = Debug|Any CPU
		{0AD20DF9-57F2-4382-875D-60FBA45ED6C7}.Debug|iPhone.ActiveCfg = Debug|Any CPU
		{0AD20DF9-57F2-4382-875D-60FBA45ED6C7}.Debug|iPhone.Build.0 = Debug|Any CPU
		{0AD20DF9-57F2-4382-875D-60FBA45ED6C7}.Debug|iPhoneSimulator.ActiveCfg = Debug|Any CPU
		{0AD20DF9-57F2-4382-875D-60FBA45ED6C7}.Debug|iPhoneSimulator.Build.0 = Debug|Any CPU
		{0AD20DF9-57F2-4382-875D-60FBA45ED6C7}.Debug|x64.ActiveCfg = Debug|Any CPU
		{0AD20DF9-57F2-4382-875D-60FBA45ED6C7}.Debug|x64.Build.0 = Debug|Any CPU
		{0AD20DF9-57F2-4382-875D-60FBA45ED6C7}.Debug|x86.ActiveCfg = Debug|Any CPU
		{0AD20DF9-57F2-4382-875D-60FBA45ED6C7}.Debug|x86.Build.0 = Debug|Any CPU
		{0AD20DF9-57F2-4382-875D-60FBA45ED6C7}.Release|Any CPU.ActiveCfg = Release|Any CPU
		{0AD20DF9-57F2-4382-875D-60FBA45ED6C7}.Release|Any CPU.Build.0 = Release|Any CPU
		{0AD20DF9-57F2-4382-875D-60FBA45ED6C7}.Release|ARM.ActiveCfg = Release|Any CPU
		{0AD20DF9-57F2-4382-875D-60FBA45ED6C7}.Release|ARM.Build.0 = Release|Any CPU
		{0AD20DF9-57F2-4382-875D-60FBA45ED6C7}.Release|iPhone.ActiveCfg = Release|Any CPU
		{0AD20DF9-57F2-4382-875D-60FBA45ED6C7}.Release|iPhone.Build.0 = Release|Any CPU
		{0AD20DF9-57F2-4382-875D-60FBA45ED6C7}.Release|iPhoneSimulator.ActiveCfg = Release|Any CPU
		{0AD20DF9-57F2-4382-875D-60FBA45ED6C7}.Release|iPhoneSimulator.Build.0 = Release|Any CPU
		{0AD20DF9-57F2-4382-875D-60FBA45ED6C7}.Release|x64.ActiveCfg = Release|Any CPU
		{0AD20DF9-57F2-4382-875D-60FBA45ED6C7}.Release|x64.Build.0 = Release|Any CPU
		{0AD20DF9-57F2-4382-875D-60FBA45ED6C7}.Release|x86.ActiveCfg = Release|Any CPU
		{0AD20DF9-57F2-4382-875D-60FBA45ED6C7}.Release|x86.Build.0 = Release|Any CPU
	EndGlobalSection
	GlobalSection(SolutionProperties) = preSolution
		HideSolutionNode = FALSE
	EndGlobalSection
	GlobalSection(NestedProjects) = preSolution
		{BE868374-CBFA-41DB-B6A3-E44AE8F17377} = {2DA12B85-84D2-4998-8C7D-CC65B2185881}
		{A29AFF2A-593D-48E9-9299-B2269B43BEEB} = {E6E6605E-73FB-4FAE-9782-91631F2C1EB1}
		{92458DC3-4621-4D30-80A4-B68357011469} = {CB009DB7-CDD2-4FA0-8B9F-89C15522668D}
		{74C42641-BD23-48F5-BD4C-D643E849181C} = {DB9B4CFA-C1A3-416A-A913-D540E3C6FAE5}
		{8BDECC28-89D1-43B3-8BD7-136C484099FE} = {E3582A9D-B4C4-4220-A9E8-B6E385C6E0D1}
		{A79A3500-CEF8-4546-8839-0FC0FD3C2AE9} = {E3582A9D-B4C4-4220-A9E8-B6E385C6E0D1}
		{8F11FD92-9DDA-4F57-BD69-5D26666A0985} = {E3582A9D-B4C4-4220-A9E8-B6E385C6E0D1}
		{F2001578-657E-4BDF-A50A-D7B10D534E4D} = {E3582A9D-B4C4-4220-A9E8-B6E385C6E0D1}
		{E6E6605E-73FB-4FAE-9782-91631F2C1EB1} = {8BDECC28-89D1-43B3-8BD7-136C484099FE}
		{2DA12B85-84D2-4998-8C7D-CC65B2185881} = {8BDECC28-89D1-43B3-8BD7-136C484099FE}
		{13FB49D8-DE53-45DC-914F-BC6885AC2D8F} = {8BDECC28-89D1-43B3-8BD7-136C484099FE}
		{CB009DB7-CDD2-4FA0-8B9F-89C15522668D} = {8BDECC28-89D1-43B3-8BD7-136C484099FE}
		{DB9B4CFA-C1A3-416A-A913-D540E3C6FAE5} = {13FB49D8-DE53-45DC-914F-BC6885AC2D8F}
		{AA6A6E93-3668-48AB-8166-8356851BA35A} = {13FB49D8-DE53-45DC-914F-BC6885AC2D8F}
		{67F9D3A8-F71E-4428-913F-C37AE82CDB24} = {F2A52948-56D6-42E5-AF8E-86BBE7D5C487}
		{71982E0D-CBA7-4A1C-BFF5-12B2CB52A8D2} = {F2A52948-56D6-42E5-AF8E-86BBE7D5C487}
		{DEB06B6B-9D2C-4CD1-A479-DF65ECAFA962} = {FBD07ABB-7ED1-43FD-8374-0A3467E64852}
		{6D00A28B-72DF-43E7-AE15-4CD00AD62621} = {51CEDA5B-75C6-4AD5-A239-756D29D4E33E}
		{1C2FD418-3D6D-475F-A352-C6A4F54818AA} = {FBD07ABB-7ED1-43FD-8374-0A3467E64852}
		{B141C91C-D554-4AC7-84D6-0D03B7F2DD87} = {F2001578-657E-4BDF-A50A-D7B10D534E4D}
		{CD22C543-B51F-493E-BE9D-14BB117DFBAC} = {A79A3500-CEF8-4546-8839-0FC0FD3C2AE9}
		{FC97B6ED-1306-4FE6-9989-EF6BA17DDE64} = {A79A3500-CEF8-4546-8839-0FC0FD3C2AE9}
		{0AD20DF9-57F2-4382-875D-60FBA45ED6C7} = {A79A3500-CEF8-4546-8839-0FC0FD3C2AE9}
	EndGlobalSection
EndGlobal
